// !$*UTF8*$!
{
	archiveVersion = 1;
	classes = {
	};
	objectVersion = 55;
	objects = {

/* Begin PBXBuildFile section */
		281545818B4CA2FB0BEBFA3E /* libPods-Shared-MFFlight.a in Frameworks */ = {isa = PBXBuildFile; fileRef = A7E42FC070589AFC1A44FDB7 /* libPods-Shared-MFFlight.a */; };
		6645E7F52810308D002387BB /* FlightNavigationManager.swift in Sources */ = {isa = PBXBuildFile; fileRef = 6645E7F42810308D002387BB /* FlightNavigationManager.swift */; };
		6645E7F828103117002387BB /* Flight.storyboard in Resources */ = {isa = PBXBuildFile; fileRef = 6645E7F728103117002387BB /* Flight.storyboard */; };
		6645E7FA28103125002387BB /* FlightViewController.swift in Sources */ = {isa = PBXBuildFile; fileRef = 6645E7F928103125002387BB /* FlightViewController.swift */; };
		6645E7FC2810313C002387BB /* FlightViewModel.swift in Sources */ = {isa = PBXBuildFile; fileRef = 6645E7FB2810313C002387BB /* FlightViewModel.swift */; };
		664A03F92808606B006C40F8 /* MFFlight.framework in Frameworks */ = {isa = PBXBuildFile; fileRef = 664A03F02808606B006C40F8 /* MFFlight.framework */; };
		664A03FE2808606B006C40F8 /* MFFlightTests.swift in Sources */ = {isa = PBXBuildFile; fileRef = 664A03FD2808606B006C40F8 /* MFFlightTests.swift */; };
		664A03FF2808606B006C40F8 /* MFFlight.h in Headers */ = {isa = PBXBuildFile; fileRef = 664A03F32808606B006C40F8 /* MFFlight.h */; settings = {ATTRIBUTES = (Public, ); }; };
		66A29D5A281292FF0057A787 /* Estimate.swift in Sources */ = {isa = PBXBuildFile; fileRef = 66A29D59281292FF0057A787 /* Estimate.swift */; };
		66A29D5C281295860057A787 /* Legs.swift in Sources */ = {isa = PBXBuildFile; fileRef = 66A29D5B281295860057A787 /* Legs.swift */; };
		66A29D792812DB720057A787 /* MFExtensions.framework in Frameworks */ = {isa = PBXBuildFile; fileRef = 66A29D782812DB720057A787 /* MFExtensions.framework */; };
		66A29D7A2812DB720057A787 /* MFExtensions.framework in Embed Frameworks */ = {isa = PBXBuildFile; fileRef = 66A29D782812DB720057A787 /* MFExtensions.framework */; settings = {ATTRIBUTES = (CodeSignOnCopy, RemoveHeadersOnCopy, ); }; };
/* End PBXBuildFile section */

/* Begin PBXContainerItemProxy section */
		664A03FA2808606B006C40F8 /* PBXContainerItemProxy */ = {
			isa = PBXContainerItemProxy;
			containerPortal = 664A03E72808606B006C40F8 /* Project object */;
			proxyType = 1;
			remoteGlobalIDString = 664A03EF2808606B006C40F8;
			remoteInfo = MFFlight;
		};
/* End PBXContainerItemProxy section */

/* Begin PBXCopyFilesBuildPhase section */
		66A29D7B2812DB730057A787 /* Embed Frameworks */ = {
			isa = PBXCopyFilesBuildPhase;
			buildActionMask = 2147483647;
			dstPath = "";
			dstSubfolderSpec = 10;
			files = (
				66A29D7A2812DB720057A787 /* MFExtensions.framework in Embed Frameworks */,
			);
			name = "Embed Frameworks";
			runOnlyForDeploymentPostprocessing = 0;
		};
/* End PBXCopyFilesBuildPhase section */

/* Begin PBXFileReference section */
		0532E97E401DF76E6DC9DD4F /* Pods-Shared-MFFlight.release.xcconfig */ = {isa = PBXFileReference; includeInIndex = 1; lastKnownFileType = text.xcconfig; name = "Pods-Shared-MFFlight.release.xcconfig"; path = "Target Support Files/Pods-Shared-MFFlight/Pods-Shared-MFFlight.release.xcconfig"; sourceTree = "<group>"; };
		0B583D8939DAC51D79A4D842 /* Pods-Frameworks-MFFlight.debug.xcconfig */ = {isa = PBXFileReference; includeInIndex = 1; lastKnownFileType = text.xcconfig; name = "Pods-Frameworks-MFFlight.debug.xcconfig"; path = "Target Support Files/Pods-Frameworks-MFFlight/Pods-Frameworks-MFFlight.debug.xcconfig"; sourceTree = "<group>"; };
		1CFC86255C611213E5E55CC7 /* Pods-Shared-MFFlight.debug.xcconfig */ = {isa = PBXFileReference; includeInIndex = 1; lastKnownFileType = text.xcconfig; name = "Pods-Shared-MFFlight.debug.xcconfig"; path = "Target Support Files/Pods-Shared-MFFlight/Pods-Shared-MFFlight.debug.xcconfig"; sourceTree = "<group>"; };
		295BB260B75A2D7441F73803 /* Pods-MFFlight.debug.xcconfig */ = {isa = PBXFileReference; includeInIndex = 1; lastKnownFileType = text.xcconfig; name = "Pods-MFFlight.debug.xcconfig"; path = "Target Support Files/Pods-MFFlight/Pods-MFFlight.debug.xcconfig"; sourceTree = "<group>"; };
		6645E7F42810308D002387BB /* FlightNavigationManager.swift */ = {isa = PBXFileReference; lastKnownFileType = sourcecode.swift; path = FlightNavigationManager.swift; sourceTree = "<group>"; };
		6645E7F728103117002387BB /* Flight.storyboard */ = {isa = PBXFileReference; lastKnownFileType = file.storyboard; path = Flight.storyboard; sourceTree = "<group>"; };
		6645E7F928103125002387BB /* FlightViewController.swift */ = {isa = PBXFileReference; lastKnownFileType = sourcecode.swift; path = FlightViewController.swift; sourceTree = "<group>"; };
		6645E7FB2810313C002387BB /* FlightViewModel.swift */ = {isa = PBXFileReference; lastKnownFileType = sourcecode.swift; path = FlightViewModel.swift; sourceTree = "<group>"; };
		664A03F02808606B006C40F8 /* MFFlight.framework */ = {isa = PBXFileReference; explicitFileType = wrapper.framework; includeInIndex = 0; path = MFFlight.framework; sourceTree = BUILT_PRODUCTS_DIR; };
		664A03F32808606B006C40F8 /* MFFlight.h */ = {isa = PBXFileReference; lastKnownFileType = sourcecode.c.h; path = MFFlight.h; sourceTree = "<group>"; };
		664A03F82808606B006C40F8 /* MFFlightTests.xctest */ = {isa = PBXFileReference; explicitFileType = wrapper.cfbundle; includeInIndex = 0; path = MFFlightTests.xctest; sourceTree = BUILT_PRODUCTS_DIR; };
		664A03FD2808606B006C40F8 /* MFFlightTests.swift */ = {isa = PBXFileReference; lastKnownFileType = sourcecode.swift; path = MFFlightTests.swift; sourceTree = "<group>"; };
		66A29D59281292FF0057A787 /* Estimate.swift */ = {isa = PBXFileReference; lastKnownFileType = sourcecode.swift; path = Estimate.swift; sourceTree = "<group>"; };
		66A29D5B281295860057A787 /* Legs.swift */ = {isa = PBXFileReference; lastKnownFileType = sourcecode.swift; path = Legs.swift; sourceTree = "<group>"; };
		66A29D782812DB720057A787 /* MFExtensions.framework */ = {isa = PBXFileReference; explicitFileType = wrapper.framework; path = MFExtensions.framework; sourceTree = BUILT_PRODUCTS_DIR; };
		A1B68670F53FA9C634D9D7F5 /* Pods-Frameworks-MFFlight.release.xcconfig */ = {isa = PBXFileReference; includeInIndex = 1; lastKnownFileType = text.xcconfig; name = "Pods-Frameworks-MFFlight.release.xcconfig"; path = "Target Support Files/Pods-Frameworks-MFFlight/Pods-Frameworks-MFFlight.release.xcconfig"; sourceTree = "<group>"; };
		A7E42FC070589AFC1A44FDB7 /* libPods-Shared-MFFlight.a */ = {isa = PBXFileReference; explicitFileType = archive.ar; includeInIndex = 0; path = "libPods-Shared-MFFlight.a"; sourceTree = BUILT_PRODUCTS_DIR; };
		E8AB3F7FC63D61F6C3219DD3 /* Pods-MFFlight.release.xcconfig */ = {isa = PBXFileReference; includeInIndex = 1; lastKnownFileType = text.xcconfig; name = "Pods-MFFlight.release.xcconfig"; path = "Target Support Files/Pods-MFFlight/Pods-MFFlight.release.xcconfig"; sourceTree = "<group>"; };
/* End PBXFileReference section */

/* Begin PBXFrameworksBuildPhase section */
		664A03ED2808606B006C40F8 /* Frameworks */ = {
			isa = PBXFrameworksBuildPhase;
			buildActionMask = 2147483647;
			files = (
				66A29D792812DB720057A787 /* MFExtensions.framework in Frameworks */,
				281545818B4CA2FB0BEBFA3E /* libPods-Shared-MFFlight.a in Frameworks */,
			);
			runOnlyForDeploymentPostprocessing = 0;
		};
		664A03F52808606B006C40F8 /* Frameworks */ = {
			isa = PBXFrameworksBuildPhase;
			buildActionMask = 2147483647;
			files = (
				664A03F92808606B006C40F8 /* MFFlight.framework in Frameworks */,
			);
			runOnlyForDeploymentPostprocessing = 0;
		};
/* End PBXFrameworksBuildPhase section */

/* Begin PBXGroup section */
		210BFCE7A9879C04FCC93595 /* Frameworks */ = {
			isa = PBXGroup;
			children = (
				66A29D782812DB720057A787 /* MFExtensions.framework */,
				A7E42FC070589AFC1A44FDB7 /* libPods-Shared-MFFlight.a */,
			);
			name = Frameworks;
			sourceTree = "<group>";
		};
		6645E7F128103058002387BB /* Classes */ = {
			isa = PBXGroup;
			children = (
				6645E845281058CD002387BB /* Models */,
				6645E7F228103065002387BB /* Managers */,
				6645E7F32810306D002387BB /* Interfaces */,
			);
			name = Classes;
			sourceTree = "<group>";
		};
		6645E7F228103065002387BB /* Managers */ = {
			isa = PBXGroup;
			children = (
				6645E7F42810308D002387BB /* FlightNavigationManager.swift */,
			);
			name = Managers;
			sourceTree = "<group>";
		};
		6645E7F32810306D002387BB /* Interfaces */ = {
			isa = PBXGroup;
			children = (
				6645E7F628103104002387BB /* Main */,
			);
			name = Interfaces;
			sourceTree = "<group>";
		};
		6645E7F628103104002387BB /* Main */ = {
			isa = PBXGroup;
			children = (
				6645E7F728103117002387BB /* Flight.storyboard */,
				6645E7F928103125002387BB /* FlightViewController.swift */,
				6645E7FB2810313C002387BB /* FlightViewModel.swift */,
			);
			name = Main;
			sourceTree = "<group>";
		};
		6645E845281058CD002387BB /* Models */ = {
			isa = PBXGroup;
			children = (
				66A29D58281292EB0057A787 /* Response */,
			);
			name = Models;
			sourceTree = "<group>";
		};
		664A03E62808606B006C40F8 = {
			isa = PBXGroup;
			children = (
				6645E7F128103058002387BB /* Classes */,
				664A03F22808606B006C40F8 /* MFFlight */,
				664A03FC2808606B006C40F8 /* MFFlightTests */,
				664A03F12808606B006C40F8 /* Products */,
				C523B8DB25FF5DE306DAB4CE /* Pods */,
				210BFCE7A9879C04FCC93595 /* Frameworks */,
			);
			sourceTree = "<group>";
		};
		664A03F12808606B006C40F8 /* Products */ = {
			isa = PBXGroup;
			children = (
				664A03F02808606B006C40F8 /* MFFlight.framework */,
				664A03F82808606B006C40F8 /* MFFlightTests.xctest */,
			);
			name = Products;
			sourceTree = "<group>";
		};
		664A03F22808606B006C40F8 /* MFFlight */ = {
			isa = PBXGroup;
			children = (
				664A03F32808606B006C40F8 /* MFFlight.h */,
			);
			path = MFFlight;
			sourceTree = "<group>";
		};
		664A03FC2808606B006C40F8 /* MFFlightTests */ = {
			isa = PBXGroup;
			children = (
				664A03FD2808606B006C40F8 /* MFFlightTests.swift */,
			);
			path = MFFlightTests;
			sourceTree = "<group>";
		};
		66A29D58281292EB0057A787 /* Response */ = {
			isa = PBXGroup;
			children = (
				66A29D59281292FF0057A787 /* Estimate.swift */,
				66A29D5B281295860057A787 /* Legs.swift */,
			);
			name = Response;
			sourceTree = "<group>";
		};
		C523B8DB25FF5DE306DAB4CE /* Pods */ = {
			isa = PBXGroup;
			children = (
				0B583D8939DAC51D79A4D842 /* Pods-Frameworks-MFFlight.debug.xcconfig */,
				A1B68670F53FA9C634D9D7F5 /* Pods-Frameworks-MFFlight.release.xcconfig */,
				295BB260B75A2D7441F73803 /* Pods-MFFlight.debug.xcconfig */,
				E8AB3F7FC63D61F6C3219DD3 /* Pods-MFFlight.release.xcconfig */,
				1CFC86255C611213E5E55CC7 /* Pods-Shared-MFFlight.debug.xcconfig */,
				0532E97E401DF76E6DC9DD4F /* Pods-Shared-MFFlight.release.xcconfig */,
			);
			name = Pods;
			path = ../../Pods;
			sourceTree = "<group>";
		};
/* End PBXGroup section */

/* Begin PBXHeadersBuildPhase section */
		664A03EB2808606B006C40F8 /* Headers */ = {
			isa = PBXHeadersBuildPhase;
			buildActionMask = 2147483647;
			files = (
				664A03FF2808606B006C40F8 /* MFFlight.h in Headers */,
			);
			runOnlyForDeploymentPostprocessing = 0;
		};
/* End PBXHeadersBuildPhase section */

/* Begin PBXNativeTarget section */
		664A03EF2808606B006C40F8 /* MFFlight */ = {
			isa = PBXNativeTarget;
			buildConfigurationList = 664A04022808606B006C40F8 /* Build configuration list for PBXNativeTarget "MFFlight" */;
			buildPhases = (
				E4C2ADC492AA8F80A8B396DA /* [CP] Check Pods Manifest.lock */,
				664A03EB2808606B006C40F8 /* Headers */,
				664A03EC2808606B006C40F8 /* Sources */,
				664A03ED2808606B006C40F8 /* Frameworks */,
				664A03EE2808606B006C40F8 /* Resources */,
				6657DC452809651D0031BA7C /* SwiftLint */,
				66A29D7B2812DB730057A787 /* Embed Frameworks */,
			);
			buildRules = (
			);
			dependencies = (
			);
			name = MFFlight;
			productName = MFFlight;
			productReference = 664A03F02808606B006C40F8 /* MFFlight.framework */;
			productType = "com.apple.product-type.framework";
		};
		664A03F72808606B006C40F8 /* MFFlightTests */ = {
			isa = PBXNativeTarget;
			buildConfigurationList = 664A04052808606B006C40F8 /* Build configuration list for PBXNativeTarget "MFFlightTests" */;
			buildPhases = (
				664A03F42808606B006C40F8 /* Sources */,
				664A03F52808606B006C40F8 /* Frameworks */,
				664A03F62808606B006C40F8 /* Resources */,
			);
			buildRules = (
			);
			dependencies = (
				664A03FB2808606B006C40F8 /* PBXTargetDependency */,
			);
			name = MFFlightTests;
			productName = MFFlightTests;
			productReference = 664A03F82808606B006C40F8 /* MFFlightTests.xctest */;
			productType = "com.apple.product-type.bundle.unit-test";
		};
/* End PBXNativeTarget section */

/* Begin PBXProject section */
		664A03E72808606B006C40F8 /* Project object */ = {
			isa = PBXProject;
			attributes = {
				BuildIndependentTargetsInParallel = 1;
				LastSwiftUpdateCheck = 1330;
				LastUpgradeCheck = 1330;
				TargetAttributes = {
					664A03EF2808606B006C40F8 = {
						CreatedOnToolsVersion = 13.3.1;
						LastSwiftMigration = 1330;
					};
					664A03F72808606B006C40F8 = {
						CreatedOnToolsVersion = 13.3.1;
					};
				};
			};
			buildConfigurationList = 664A03EA2808606B006C40F8 /* Build configuration list for PBXProject "MFFlight" */;
			compatibilityVersion = "Xcode 13.0";
			developmentRegion = en;
			hasScannedForEncodings = 0;
			knownRegions = (
				en,
				Base,
			);
			mainGroup = 664A03E62808606B006C40F8;
			productRefGroup = 664A03F12808606B006C40F8 /* Products */;
			projectDirPath = "";
			projectRoot = "";
			targets = (
				664A03EF2808606B006C40F8 /* MFFlight */,
				664A03F72808606B006C40F8 /* MFFlightTests */,
			);
		};
/* End PBXProject section */

/* Begin PBXResourcesBuildPhase section */
		664A03EE2808606B006C40F8 /* Resources */ = {
			isa = PBXResourcesBuildPhase;
			buildActionMask = 2147483647;
			files = (
				6645E7F828103117002387BB /* Flight.storyboard in Resources */,
			);
			runOnlyForDeploymentPostprocessing = 0;
		};
		664A03F62808606B006C40F8 /* Resources */ = {
			isa = PBXResourcesBuildPhase;
			buildActionMask = 2147483647;
			files = (
			);
			runOnlyForDeploymentPostprocessing = 0;
		};
/* End PBXResourcesBuildPhase section */

/* Begin PBXShellScriptBuildPhase section */
		6657DC452809651D0031BA7C /* SwiftLint */ = {
			isa = PBXShellScriptBuildPhase;
			buildActionMask = 2147483647;
			files = (
			);
			inputFileListPaths = (
			);
			inputPaths = (
			);
			name = SwiftLint;
			outputFileListPaths = (
			);
			outputPaths = (
			);
			runOnlyForDeploymentPostprocessing = 0;
			shellPath = /bin/sh;
			shellScript = "# Type a script or drag a script file from your workspace to insert its path.\n${PODS_ROOT}/SwiftLint/swiftlint\n";
		};
		E4C2ADC492AA8F80A8B396DA /* [CP] Check Pods Manifest.lock */ = {
			isa = PBXShellScriptBuildPhase;
			buildActionMask = 2147483647;
			files = (
			);
			inputFileListPaths = (
			);
			inputPaths = (
				"${PODS_PODFILE_DIR_PATH}/Podfile.lock",
				"${PODS_ROOT}/Manifest.lock",
			);
			name = "[CP] Check Pods Manifest.lock";
			outputFileListPaths = (
			);
			outputPaths = (
				"$(DERIVED_FILE_DIR)/Pods-Shared-MFFlight-checkManifestLockResult.txt",
			);
			runOnlyForDeploymentPostprocessing = 0;
			shellPath = /bin/sh;
			shellScript = "diff \"${PODS_PODFILE_DIR_PATH}/Podfile.lock\" \"${PODS_ROOT}/Manifest.lock\" > /dev/null\nif [ $? != 0 ] ; then\n    # print error to STDERR\n    echo \"error: The sandbox is not in sync with the Podfile.lock. Run 'pod install' or update your CocoaPods installation.\" >&2\n    exit 1\nfi\n# This output is used by Xcode 'outputs' to avoid re-running this script phase.\necho \"SUCCESS\" > \"${SCRIPT_OUTPUT_FILE_0}\"\n";
			showEnvVarsInLog = 0;
		};
/* End PBXShellScriptBuildPhase section */

/* Begin PBXSourcesBuildPhase section */
		664A03EC2808606B006C40F8 /* Sources */ = {
			isa = PBXSourcesBuildPhase;
			buildActionMask = 2147483647;
			files = (
				66A29D5C281295860057A787 /* Legs.swift in Sources */,
				6645E7FC2810313C002387BB /* FlightViewModel.swift in Sources */,
				66A29D5A281292FF0057A787 /* Estimate.swift in Sources */,
				6645E7FA28103125002387BB /* FlightViewController.swift in Sources */,
				6645E7F52810308D002387BB /* FlightNavigationManager.swift in Sources */,
			);
			runOnlyForDeploymentPostprocessing = 0;
		};
		664A03F42808606B006C40F8 /* Sources */ = {
			isa = PBXSourcesBuildPhase;
			buildActionMask = 2147483647;
			files = (
				664A03FE2808606B006C40F8 /* MFFlightTests.swift in Sources */,
			);
			runOnlyForDeploymentPostprocessing = 0;
		};
/* End PBXSourcesBuildPhase section */

/* Begin PBXTargetDependency section */
		664A03FB2808606B006C40F8 /* PBXTargetDependency */ = {
			isa = PBXTargetDependency;
			target = 664A03EF2808606B006C40F8 /* MFFlight */;
			targetProxy = 664A03FA2808606B006C40F8 /* PBXContainerItemProxy */;
		};
/* End PBXTargetDependency section */

/* Begin XCBuildConfiguration section */
		664A04002808606B006C40F8 /* Debug */ = {
			isa = XCBuildConfiguration;
			buildSettings = {
				ALWAYS_SEARCH_USER_PATHS = NO;
				CLANG_ANALYZER_NONNULL = YES;
				CLANG_ANALYZER_NUMBER_OBJECT_CONVERSION = YES_AGGRESSIVE;
				CLANG_CXX_LANGUAGE_STANDARD = "gnu++17";
				CLANG_ENABLE_MODULES = YES;
				CLANG_ENABLE_OBJC_ARC = YES;
				CLANG_ENABLE_OBJC_WEAK = YES;
				CLANG_WARN_BLOCK_CAPTURE_AUTORELEASING = YES;
				CLANG_WARN_BOOL_CONVERSION = YES;
				CLANG_WARN_COMMA = YES;
				CLANG_WARN_CONSTANT_CONVERSION = YES;
				CLANG_WARN_DEPRECATED_OBJC_IMPLEMENTATIONS = YES;
				CLANG_WARN_DIRECT_OBJC_ISA_USAGE = YES_ERROR;
				CLANG_WARN_DOCUMENTATION_COMMENTS = YES;
				CLANG_WARN_EMPTY_BODY = YES;
				CLANG_WARN_ENUM_CONVERSION = YES;
				CLANG_WARN_INFINITE_RECURSION = YES;
				CLANG_WARN_INT_CONVERSION = YES;
				CLANG_WARN_NON_LITERAL_NULL_CONVERSION = YES;
				CLANG_WARN_OBJC_IMPLICIT_RETAIN_SELF = YES;
				CLANG_WARN_OBJC_LITERAL_CONVERSION = YES;
				CLANG_WARN_OBJC_ROOT_CLASS = YES_ERROR;
				CLANG_WARN_QUOTED_INCLUDE_IN_FRAMEWORK_HEADER = YES;
				CLANG_WARN_RANGE_LOOP_ANALYSIS = YES;
				CLANG_WARN_STRICT_PROTOTYPES = YES;
				CLANG_WARN_SUSPICIOUS_MOVE = YES;
				CLANG_WARN_UNGUARDED_AVAILABILITY = YES_AGGRESSIVE;
				CLANG_WARN_UNREACHABLE_CODE = YES;
				CLANG_WARN__DUPLICATE_METHOD_MATCH = YES;
				COPY_PHASE_STRIP = NO;
				CURRENT_PROJECT_VERSION = 1;
				DEBUG_INFORMATION_FORMAT = dwarf;
				ENABLE_STRICT_OBJC_MSGSEND = YES;
				ENABLE_TESTABILITY = YES;
				GCC_C_LANGUAGE_STANDARD = gnu11;
				GCC_DYNAMIC_NO_PIC = NO;
				GCC_NO_COMMON_BLOCKS = YES;
				GCC_OPTIMIZATION_LEVEL = 0;
				GCC_PREPROCESSOR_DEFINITIONS = (
					"DEBUG=1",
					"$(inherited)",
				);
				GCC_WARN_64_TO_32_BIT_CONVERSION = YES;
				GCC_WARN_ABOUT_RETURN_TYPE = YES_ERROR;
				GCC_WARN_UNDECLARED_SELECTOR = YES;
				GCC_WARN_UNINITIALIZED_AUTOS = YES_AGGRESSIVE;
				GCC_WARN_UNUSED_FUNCTION = YES;
				GCC_WARN_UNUSED_VARIABLE = YES;
				IPHONEOS_DEPLOYMENT_TARGET = 13.0;
				MTL_ENABLE_DEBUG_INFO = INCLUDE_SOURCE;
				MTL_FAST_MATH = YES;
				ONLY_ACTIVE_ARCH = YES;
				SDKROOT = iphoneos;
				SWIFT_ACTIVE_COMPILATION_CONDITIONS = DEBUG;
				SWIFT_OPTIMIZATION_LEVEL = "-Onone";
				VERSIONING_SYSTEM = "apple-generic";
				VERSION_INFO_PREFIX = "";
			};
			name = Debug;
		};
		664A04012808606B006C40F8 /* Release */ = {
			isa = XCBuildConfiguration;
			buildSettings = {
				ALWAYS_SEARCH_USER_PATHS = NO;
				CLANG_ANALYZER_NONNULL = YES;
				CLANG_ANALYZER_NUMBER_OBJECT_CONVERSION = YES_AGGRESSIVE;
				CLANG_CXX_LANGUAGE_STANDARD = "gnu++17";
				CLANG_ENABLE_MODULES = YES;
				CLANG_ENABLE_OBJC_ARC = YES;
				CLANG_ENABLE_OBJC_WEAK = YES;
				CLANG_WARN_BLOCK_CAPTURE_AUTORELEASING = YES;
				CLANG_WARN_BOOL_CONVERSION = YES;
				CLANG_WARN_COMMA = YES;
				CLANG_WARN_CONSTANT_CONVERSION = YES;
				CLANG_WARN_DEPRECATED_OBJC_IMPLEMENTATIONS = YES;
				CLANG_WARN_DIRECT_OBJC_ISA_USAGE = YES_ERROR;
				CLANG_WARN_DOCUMENTATION_COMMENTS = YES;
				CLANG_WARN_EMPTY_BODY = YES;
				CLANG_WARN_ENUM_CONVERSION = YES;
				CLANG_WARN_INFINITE_RECURSION = YES;
				CLANG_WARN_INT_CONVERSION = YES;
				CLANG_WARN_NON_LITERAL_NULL_CONVERSION = YES;
				CLANG_WARN_OBJC_IMPLICIT_RETAIN_SELF = YES;
				CLANG_WARN_OBJC_LITERAL_CONVERSION = YES;
				CLANG_WARN_OBJC_ROOT_CLASS = YES_ERROR;
				CLANG_WARN_QUOTED_INCLUDE_IN_FRAMEWORK_HEADER = YES;
				CLANG_WARN_RANGE_LOOP_ANALYSIS = YES;
				CLANG_WARN_STRICT_PROTOTYPES = YES;
				CLANG_WARN_SUSPICIOUS_MOVE = YES;
				CLANG_WARN_UNGUARDED_AVAILABILITY = YES_AGGRESSIVE;
				CLANG_WARN_UNREACHABLE_CODE = YES;
				CLANG_WARN__DUPLICATE_METHOD_MATCH = YES;
				COPY_PHASE_STRIP = NO;
				CURRENT_PROJECT_VERSION = 1;
				DEBUG_INFORMATION_FORMAT = "dwarf-with-dsym";
				ENABLE_NS_ASSERTIONS = NO;
				ENABLE_STRICT_OBJC_MSGSEND = YES;
				GCC_C_LANGUAGE_STANDARD = gnu11;
				GCC_NO_COMMON_BLOCKS = YES;
				GCC_WARN_64_TO_32_BIT_CONVERSION = YES;
				GCC_WARN_ABOUT_RETURN_TYPE = YES_ERROR;
				GCC_WARN_UNDECLARED_SELECTOR = YES;
				GCC_WARN_UNINITIALIZED_AUTOS = YES_AGGRESSIVE;
				GCC_WARN_UNUSED_FUNCTION = YES;
				GCC_WARN_UNUSED_VARIABLE = YES;
				IPHONEOS_DEPLOYMENT_TARGET = 13.0;
				MTL_ENABLE_DEBUG_INFO = NO;
				MTL_FAST_MATH = YES;
				SDKROOT = iphoneos;
				SWIFT_COMPILATION_MODE = wholemodule;
				SWIFT_OPTIMIZATION_LEVEL = "-O";
				VALIDATE_PRODUCT = YES;
				VERSIONING_SYSTEM = "apple-generic";
				VERSION_INFO_PREFIX = "";
			};
			name = Release;
		};
		664A04032808606B006C40F8 /* Debug */ = {
			isa = XCBuildConfiguration;
			baseConfigurationReference = 1CFC86255C611213E5E55CC7 /* Pods-Shared-MFFlight.debug.xcconfig */;
			buildSettings = {
				CLANG_ENABLE_MODULES = YES;
				CODE_SIGN_STYLE = Automatic;
				CURRENT_PROJECT_VERSION = 1;
				DEFINES_MODULE = YES;
				DEVELOPMENT_TEAM = 52H82A67C3;
				DYLIB_COMPATIBILITY_VERSION = 1;
				DYLIB_CURRENT_VERSION = 1;
				DYLIB_INSTALL_NAME_BASE = "@rpath";
				GENERATE_INFOPLIST_FILE = YES;
				INFOPLIST_KEY_NSHumanReadableCopyright = "";
				INSTALL_PATH = "$(LOCAL_LIBRARY_DIR)/Frameworks";
				IPHONEOS_DEPLOYMENT_TARGET = 13.0;
				LD_RUNPATH_SEARCH_PATHS = (
					"$(inherited)",
					"@executable_path/Frameworks",
					"@loader_path/Frameworks",
				);
				MARKETING_VERSION = 1.0;
				PRODUCT_BUNDLE_IDENTIFIER = Quentin.Beaudoul.MFFlight;
				PRODUCT_NAME = "$(TARGET_NAME:c99extidentifier)";
				SKIP_INSTALL = YES;
				SUPPORTS_MACCATALYST = NO;
				SWIFT_EMIT_LOC_STRINGS = YES;
				SWIFT_OPTIMIZATION_LEVEL = "-Onone";
				SWIFT_VERSION = 5.0;
				TARGETED_DEVICE_FAMILY = 1;
			};
			name = Debug;
		};
		664A04042808606B006C40F8 /* Release */ = {
			isa = XCBuildConfiguration;
			baseConfigurationReference = 0532E97E401DF76E6DC9DD4F /* Pods-Shared-MFFlight.release.xcconfig */;
			buildSettings = {
				CLANG_ENABLE_MODULES = YES;
				CODE_SIGN_STYLE = Automatic;
				CURRENT_PROJECT_VERSION = 1;
				DEFINES_MODULE = YES;
				DEVELOPMENT_TEAM = 52H82A67C3;
				DYLIB_COMPATIBILITY_VERSION = 1;
				DYLIB_CURRENT_VERSION = 1;
				DYLIB_INSTALL_NAME_BASE = "@rpath";
				GENERATE_INFOPLIST_FILE = YES;
				INFOPLIST_KEY_NSHumanReadableCopyright = "";
				INSTALL_PATH = "$(LOCAL_LIBRARY_DIR)/Frameworks";
				IPHONEOS_DEPLOYMENT_TARGET = 13.0;
				LD_RUNPATH_SEARCH_PATHS = (
					"$(inherited)",
					"@executable_path/Frameworks",
					"@loader_path/Frameworks",
				);
				MARKETING_VERSION = 1.0;
				PRODUCT_BUNDLE_IDENTIFIER = Quentin.Beaudoul.MFFlight;
				PRODUCT_NAME = "$(TARGET_NAME:c99extidentifier)";
				SKIP_INSTALL = YES;
				SUPPORTS_MACCATALYST = NO;
				SWIFT_EMIT_LOC_STRINGS = YES;
				SWIFT_VERSION = 5.0;
				TARGETED_DEVICE_FAMILY = 1;
			};
			name = Release;
		};
		664A04062808606B006C40F8 /* Debug */ = {
			isa = XCBuildConfiguration;
			buildSettings = {
				ALWAYS_EMBED_SWIFT_STANDARD_LIBRARIES = YES;
				CODE_SIGN_STYLE = Automatic;
				CURRENT_PROJECT_VERSION = 1;
				DEVELOPMENT_TEAM = 52H82A67C3;
				GENERATE_INFOPLIST_FILE = YES;
				MARKETING_VERSION = 1.0;
				PRODUCT_BUNDLE_IDENTIFIER = Quentin.Beaudoul.MFFlightTests;
				PRODUCT_NAME = "$(TARGET_NAME)";
				SWIFT_EMIT_LOC_STRINGS = NO;
				SWIFT_VERSION = 5.0;
				TARGETED_DEVICE_FAMILY = "1,2";
			};
			name = Debug;
		};
		664A04072808606B006C40F8 /* Release */ = {
			isa = XCBuildConfiguration;
			buildSettings = {
				ALWAYS_EMBED_SWIFT_STANDARD_LIBRARIES = YES;
				CODE_SIGN_STYLE = Automatic;
				CURRENT_PROJECT_VERSION = 1;
				DEVELOPMENT_TEAM = 52H82A67C3;
				GENERATE_INFOPLIST_FILE = YES;
				MARKETING_VERSION = 1.0;
				PRODUCT_BUNDLE_IDENTIFIER = Quentin.Beaudoul.MFFlightTests;
				PRODUCT_NAME = "$(TARGET_NAME)";
				SWIFT_EMIT_LOC_STRINGS = NO;
				SWIFT_VERSION = 5.0;
				TARGETED_DEVICE_FAMILY = "1,2";
			};
			name = Release;
		};
/* End XCBuildConfiguration section */

/* Begin XCConfigurationList section */
		664A03EA2808606B006C40F8 /* Build configuration list for PBXProject "MFFlight" */ = {
			isa = XCConfigurationList;
			buildConfigurations = (
				664A04002808606B006C40F8 /* Debug */,
				664A04012808606B006C40F8 /* Release */,
			);
			defaultConfigurationIsVisible = 0;
			defaultConfigurationName = Release;
		};
		664A04022808606B006C40F8 /* Build configuration list for PBXNativeTarget "MFFlight" */ = {
			isa = XCConfigurationList;
			buildConfigurations = (
				664A04032808606B006C40F8 /* Debug */,
				664A04042808606B006C40F8 /* Release */,
			);
			defaultConfigurationIsVisible = 0;
			defaultConfigurationName = Release;
		};
		664A04052808606B006C40F8 /* Build configuration list for PBXNativeTarget "MFFlightTests" */ = {
			isa = XCConfigurationList;
			buildConfigurations = (
				664A04062808606B006C40F8 /* Debug */,
				664A04072808606B006C40F8 /* Release */,
			);
			defaultConfigurationIsVisible = 0;
			defaultConfigurationName = Release;
		};
/* End XCConfigurationList section */
	};
	rootObject = 664A03E72808606B006C40F8 /* Project object */;
}
