// !$*UTF8*$!
{
	archiveVersion = 1;
	classes = {
	};
	objectVersion = 55;
	objects = {

/* Begin PBXBuildFile section */
		515FEDCCD77A36E6FB8F8DE9 /* Pods_Frameworks_My_Footprint.framework in Frameworks */ = {isa = PBXBuildFile; fileRef = BCEBFE157EDB8C9D6ACBC82F /* Pods_Frameworks_My_Footprint.framework */; };
		66E6E5CD2808112900AC8C13 /* AppDelegate.swift in Sources */ = {isa = PBXBuildFile; fileRef = 66E6E5CC2808112900AC8C13 /* AppDelegate.swift */; };
		66E6E5CF2808112900AC8C13 /* SceneDelegate.swift in Sources */ = {isa = PBXBuildFile; fileRef = 66E6E5CE2808112900AC8C13 /* SceneDelegate.swift */; };
		66E6E5D12808112900AC8C13 /* ViewController.swift in Sources */ = {isa = PBXBuildFile; fileRef = 66E6E5D02808112900AC8C13 /* ViewController.swift */; };
		66E6E5D42808112900AC8C13 /* Main.storyboard in Resources */ = {isa = PBXBuildFile; fileRef = 66E6E5D22808112900AC8C13 /* Main.storyboard */; };
		66E6E5D92808112E00AC8C13 /* Assets.xcassets in Resources */ = {isa = PBXBuildFile; fileRef = 66E6E5D82808112E00AC8C13 /* Assets.xcassets */; };
		66E6E5DC2808112E00AC8C13 /* LaunchScreen.storyboard in Resources */ = {isa = PBXBuildFile; fileRef = 66E6E5DA2808112E00AC8C13 /* LaunchScreen.storyboard */; };
/* End PBXBuildFile section */

/* Begin PBXFileReference section */
		0E36238611C542174030CC7D /* Pods-Frameworks-My Footprint.debug.xcconfig */ = {isa = PBXFileReference; includeInIndex = 1; lastKnownFileType = text.xcconfig; name = "Pods-Frameworks-My Footprint.debug.xcconfig"; path = "Target Support Files/Pods-Frameworks-My Footprint/Pods-Frameworks-My Footprint.debug.xcconfig"; sourceTree = "<group>"; };
		3BE9FAB9CAA39E9749933998 /* Pods-Frameworks-My Footprint.release.xcconfig */ = {isa = PBXFileReference; includeInIndex = 1; lastKnownFileType = text.xcconfig; name = "Pods-Frameworks-My Footprint.release.xcconfig"; path = "Target Support Files/Pods-Frameworks-My Footprint/Pods-Frameworks-My Footprint.release.xcconfig"; sourceTree = "<group>"; };
		4922BC77D6AB0DAD2DDC758B /* Pods-My Footprint.debug.xcconfig */ = {isa = PBXFileReference; includeInIndex = 1; lastKnownFileType = text.xcconfig; name = "Pods-My Footprint.debug.xcconfig"; path = "Target Support Files/Pods-My Footprint/Pods-My Footprint.debug.xcconfig"; sourceTree = "<group>"; };
		66E6E5C92808112900AC8C13 /* My Footprint.app */ = {isa = PBXFileReference; explicitFileType = wrapper.application; includeInIndex = 0; path = "My Footprint.app"; sourceTree = BUILT_PRODUCTS_DIR; };
		66E6E5CC2808112900AC8C13 /* AppDelegate.swift */ = {isa = PBXFileReference; lastKnownFileType = sourcecode.swift; path = AppDelegate.swift; sourceTree = "<group>"; };
		66E6E5CE2808112900AC8C13 /* SceneDelegate.swift */ = {isa = PBXFileReference; lastKnownFileType = sourcecode.swift; path = SceneDelegate.swift; sourceTree = "<group>"; };
		66E6E5D02808112900AC8C13 /* ViewController.swift */ = {isa = PBXFileReference; lastKnownFileType = sourcecode.swift; path = ViewController.swift; sourceTree = "<group>"; };
		66E6E5D32808112900AC8C13 /* Base */ = {isa = PBXFileReference; lastKnownFileType = file.storyboard; name = Base; path = Base.lproj/Main.storyboard; sourceTree = "<group>"; };
		66E6E5D82808112E00AC8C13 /* Assets.xcassets */ = {isa = PBXFileReference; lastKnownFileType = folder.assetcatalog; path = Assets.xcassets; sourceTree = "<group>"; };
		66E6E5DB2808112E00AC8C13 /* Base */ = {isa = PBXFileReference; lastKnownFileType = file.storyboard; name = Base; path = Base.lproj/LaunchScreen.storyboard; sourceTree = "<group>"; };
		66E6E5DD2808112E00AC8C13 /* Info.plist */ = {isa = PBXFileReference; lastKnownFileType = text.plist.xml; path = Info.plist; sourceTree = "<group>"; };
		75ED0E7325ABCFA554D8ADE1 /* Pods-My Footprint.release.xcconfig */ = {isa = PBXFileReference; includeInIndex = 1; lastKnownFileType = text.xcconfig; name = "Pods-My Footprint.release.xcconfig"; path = "Target Support Files/Pods-My Footprint/Pods-My Footprint.release.xcconfig"; sourceTree = "<group>"; };
		BCEBFE157EDB8C9D6ACBC82F /* Pods_Frameworks_My_Footprint.framework */ = {isa = PBXFileReference; explicitFileType = wrapper.framework; includeInIndex = 0; path = Pods_Frameworks_My_Footprint.framework; sourceTree = BUILT_PRODUCTS_DIR; };
/* End PBXFileReference section */

/* Begin PBXFrameworksBuildPhase section */
		66E6E5C62808112900AC8C13 /* Frameworks */ = {
			isa = PBXFrameworksBuildPhase;
			buildActionMask = 2147483647;
			files = (
				515FEDCCD77A36E6FB8F8DE9 /* Pods_Frameworks_My_Footprint.framework in Frameworks */,
			);
			runOnlyForDeploymentPostprocessing = 0;
		};
/* End PBXFrameworksBuildPhase section */

/* Begin PBXGroup section */
		66E6E5C02808112900AC8C13 = {
			isa = PBXGroup;
			children = (
				66E6E5CB2808112900AC8C13 /* My Footprint */,
				66E6E5CA2808112900AC8C13 /* Products */,
				68B0CFACFDF78370BF8FCAD6 /* Pods */,
				89E3BAF9AC91922E2D63DF0D /* Frameworks */,
			);
			sourceTree = "<group>";
		};
		66E6E5CA2808112900AC8C13 /* Products */ = {
			isa = PBXGroup;
			children = (
				66E6E5C92808112900AC8C13 /* My Footprint.app */,
			);
			name = Products;
			sourceTree = "<group>";
		};
		66E6E5CB2808112900AC8C13 /* My Footprint */ = {
			isa = PBXGroup;
			children = (
				66E6E5CC2808112900AC8C13 /* AppDelegate.swift */,
				66E6E5CE2808112900AC8C13 /* SceneDelegate.swift */,
				66E6E5D02808112900AC8C13 /* ViewController.swift */,
				66E6E5D22808112900AC8C13 /* Main.storyboard */,
				66E6E5D82808112E00AC8C13 /* Assets.xcassets */,
				66E6E5DA2808112E00AC8C13 /* LaunchScreen.storyboard */,
				66E6E5DD2808112E00AC8C13 /* Info.plist */,
			);
			path = "My Footprint";
			sourceTree = "<group>";
		};
		68B0CFACFDF78370BF8FCAD6 /* Pods */ = {
			isa = PBXGroup;
			children = (
				4922BC77D6AB0DAD2DDC758B /* Pods-My Footprint.debug.xcconfig */,
				75ED0E7325ABCFA554D8ADE1 /* Pods-My Footprint.release.xcconfig */,
				0E36238611C542174030CC7D /* Pods-Frameworks-My Footprint.debug.xcconfig */,
				3BE9FAB9CAA39E9749933998 /* Pods-Frameworks-My Footprint.release.xcconfig */,
			);
			name = Pods;
			path = ../Pods;
			sourceTree = "<group>";
		};
		89E3BAF9AC91922E2D63DF0D /* Frameworks */ = {
			isa = PBXGroup;
			children = (
				BCEBFE157EDB8C9D6ACBC82F /* Pods_Frameworks_My_Footprint.framework */,
			);
			name = Frameworks;
			sourceTree = "<group>";
		};
/* End PBXGroup section */

/* Begin PBXNativeTarget section */
		66E6E5C82808112900AC8C13 /* My Footprint */ = {
			isa = PBXNativeTarget;
			buildConfigurationList = 66E6E5E02808112E00AC8C13 /* Build configuration list for PBXNativeTarget "My Footprint" */;
			buildPhases = (
				32B04F40BB89E3E8E32813B3 /* [CP] Check Pods Manifest.lock */,
				66E6E5C52808112900AC8C13 /* Sources */,
				66E6E5C62808112900AC8C13 /* Frameworks */,
				66E6E5C72808112900AC8C13 /* Resources */,
				E7C8C2FCCAA5C9A38F220B60 /* [CP] Embed Pods Frameworks */,
			);
			buildRules = (
			);
			dependencies = (
			);
			name = "My Footprint";
			productName = "My Footprint";
			productReference = 66E6E5C92808112900AC8C13 /* My Footprint.app */;
			productType = "com.apple.product-type.application";
		};
/* End PBXNativeTarget section */

/* Begin PBXProject section */
		66E6E5C12808112900AC8C13 /* Project object */ = {
			isa = PBXProject;
			attributes = {
				BuildIndependentTargetsInParallel = 1;
				LastSwiftUpdateCheck = 1330;
				LastUpgradeCheck = 1330;
				TargetAttributes = {
					66E6E5C82808112900AC8C13 = {
						CreatedOnToolsVersion = 13.3.1;
					};
				};
			};
			buildConfigurationList = 66E6E5C42808112900AC8C13 /* Build configuration list for PBXProject "My Footprint" */;
			compatibilityVersion = "Xcode 13.0";
			developmentRegion = en;
			hasScannedForEncodings = 0;
			knownRegions = (
				en,
				Base,
			);
			mainGroup = 66E6E5C02808112900AC8C13;
			productRefGroup = 66E6E5CA2808112900AC8C13 /* Products */;
			projectDirPath = "";
			projectRoot = "";
			targets = (
				66E6E5C82808112900AC8C13 /* My Footprint */,
			);
		};
/* End PBXProject section */

/* Begin PBXResourcesBuildPhase section */
		66E6E5C72808112900AC8C13 /* Resources */ = {
			isa = PBXResourcesBuildPhase;
			buildActionMask = 2147483647;
			files = (
				66E6E5DC2808112E00AC8C13 /* LaunchScreen.storyboard in Resources */,
				66E6E5D92808112E00AC8C13 /* Assets.xcassets in Resources */,
				66E6E5D42808112900AC8C13 /* Main.storyboard in Resources */,
			);
			runOnlyForDeploymentPostprocessing = 0;
		};
/* End PBXResourcesBuildPhase section */

/* Begin PBXShellScriptBuildPhase section */
		32B04F40BB89E3E8E32813B3 /* [CP] Check Pods Manifest.lock */ = {
			isa = PBXShellScriptBuildPhase;
			buildActionMask = 2147483647;
			files = (
			);
			inputFileListPaths = (
			);
			inputPaths = (
				"${PODS_PODFILE_DIR_PATH}/Podfile.lock",
				"${PODS_ROOT}/Manifest.lock",
			);
			name = "[CP] Check Pods Manifest.lock";
			outputFileListPaths = (
			);
			outputPaths = (
				"$(DERIVED_FILE_DIR)/Pods-Frameworks-My Footprint-checkManifestLockResult.txt",
			);
			runOnlyForDeploymentPostprocessing = 0;
			shellPath = /bin/sh;
			shellScript = "diff \"${PODS_PODFILE_DIR_PATH}/Podfile.lock\" \"${PODS_ROOT}/Manifest.lock\" > /dev/null\nif [ $? != 0 ] ; then\n    # print error to STDERR\n    echo \"error: The sandbox is not in sync with the Podfile.lock. Run 'pod install' or update your CocoaPods installation.\" >&2\n    exit 1\nfi\n# This output is used by Xcode 'outputs' to avoid re-running this script phase.\necho \"SUCCESS\" > \"${SCRIPT_OUTPUT_FILE_0}\"\n";
			showEnvVarsInLog = 0;
		};
		E7C8C2FCCAA5C9A38F220B60 /* [CP] Embed Pods Frameworks */ = {
			isa = PBXShellScriptBuildPhase;
			buildActionMask = 2147483647;
			files = (
			);
			inputFileListPaths = (
				"${PODS_ROOT}/Target Support Files/Pods-Frameworks-My Footprint/Pods-Frameworks-My Footprint-frameworks-${CONFIGURATION}-input-files.xcfilelist",
			);
			name = "[CP] Embed Pods Frameworks";
			outputFileListPaths = (
				"${PODS_ROOT}/Target Support Files/Pods-Frameworks-My Footprint/Pods-Frameworks-My Footprint-frameworks-${CONFIGURATION}-output-files.xcfilelist",
			);
			runOnlyForDeploymentPostprocessing = 0;
			shellPath = /bin/sh;
			shellScript = "\"${PODS_ROOT}/Target Support Files/Pods-Frameworks-My Footprint/Pods-Frameworks-My Footprint-frameworks.sh\"\n";
			showEnvVarsInLog = 0;
		};
/* End PBXShellScriptBuildPhase section */

/* Begin PBXSourcesBuildPhase section */
		66E6E5C52808112900AC8C13 /* Sources */ = {
			isa = PBXSourcesBuildPhase;
			buildActionMask = 2147483647;
			files = (
				66E6E5D12808112900AC8C13 /* ViewController.swift in Sources */,
				66E6E5CD2808112900AC8C13 /* AppDelegate.swift in Sources */,
				66E6E5CF2808112900AC8C13 /* SceneDelegate.swift in Sources */,
			);
			runOnlyForDeploymentPostprocessing = 0;
		};
/* End PBXSourcesBuildPhase section */

/* Begin PBXVariantGroup section */
		66E6E5D22808112900AC8C13 /* Main.storyboard */ = {
			isa = PBXVariantGroup;
			children = (
				66E6E5D32808112900AC8C13 /* Base */,
			);
			name = Main.storyboard;
			sourceTree = "<group>";
		};
		66E6E5DA2808112E00AC8C13 /* LaunchScreen.storyboard */ = {
			isa = PBXVariantGroup;
			children = (
				66E6E5DB2808112E00AC8C13 /* Base */,
			);
			name = LaunchScreen.storyboard;
			sourceTree = "<group>";
		};
/* End PBXVariantGroup section */

/* Begin XCBuildConfiguration section */
		66E6E5DE2808112E00AC8C13 /* Debug */ = {
			isa = XCBuildConfiguration;
			buildSettings = {
				ALWAYS_SEARCH_USER_PATHS = NO;
				CLANG_ANALYZER_NONNULL = YES;
				CLANG_ANALYZER_NUMBER_OBJECT_CONVERSION = YES_AGGRESSIVE;
				CLANG_CXX_LANGUAGE_STANDARD = "gnu++17";
				CLANG_ENABLE_MODULES = YES;
				CLANG_ENABLE_OBJC_ARC = YES;
				CLANG_ENABLE_OBJC_WEAK = YES;
				CLANG_WARN_BLOCK_CAPTURE_AUTORELEASING = YES;
				CLANG_WARN_BOOL_CONVERSION = YES;
				CLANG_WARN_COMMA = YES;
				CLANG_WARN_CONSTANT_CONVERSION = YES;
				CLANG_WARN_DEPRECATED_OBJC_IMPLEMENTATIONS = YES;
				CLANG_WARN_DIRECT_OBJC_ISA_USAGE = YES_ERROR;
				CLANG_WARN_DOCUMENTATION_COMMENTS = YES;
				CLANG_WARN_EMPTY_BODY = YES;
				CLANG_WARN_ENUM_CONVERSION = YES;
				CLANG_WARN_INFINITE_RECURSION = YES;
				CLANG_WARN_INT_CONVERSION = YES;
				CLANG_WARN_NON_LITERAL_NULL_CONVERSION = YES;
				CLANG_WARN_OBJC_IMPLICIT_RETAIN_SELF = YES;
				CLANG_WARN_OBJC_LITERAL_CONVERSION = YES;
				CLANG_WARN_OBJC_ROOT_CLASS = YES_ERROR;
				CLANG_WARN_QUOTED_INCLUDE_IN_FRAMEWORK_HEADER = YES;
				CLANG_WARN_RANGE_LOOP_ANALYSIS = YES;
				CLANG_WARN_STRICT_PROTOTYPES = YES;
				CLANG_WARN_SUSPICIOUS_MOVE = YES;
				CLANG_WARN_UNGUARDED_AVAILABILITY = YES_AGGRESSIVE;
				CLANG_WARN_UNREACHABLE_CODE = YES;
				CLANG_WARN__DUPLICATE_METHOD_MATCH = YES;
				COPY_PHASE_STRIP = NO;
				DEBUG_INFORMATION_FORMAT = dwarf;
				ENABLE_STRICT_OBJC_MSGSEND = YES;
				ENABLE_TESTABILITY = YES;
				GCC_C_LANGUAGE_STANDARD = gnu11;
				GCC_DYNAMIC_NO_PIC = NO;
				GCC_NO_COMMON_BLOCKS = YES;
				GCC_OPTIMIZATION_LEVEL = 0;
				GCC_PREPROCESSOR_DEFINITIONS = (
					"DEBUG=1",
					"$(inherited)",
				);
				GCC_WARN_64_TO_32_BIT_CONVERSION = YES;
				GCC_WARN_ABOUT_RETURN_TYPE = YES_ERROR;
				GCC_WARN_UNDECLARED_SELECTOR = YES;
				GCC_WARN_UNINITIALIZED_AUTOS = YES_AGGRESSIVE;
				GCC_WARN_UNUSED_FUNCTION = YES;
				GCC_WARN_UNUSED_VARIABLE = YES;
				IPHONEOS_DEPLOYMENT_TARGET = 13.0;
				MTL_ENABLE_DEBUG_INFO = INCLUDE_SOURCE;
				MTL_FAST_MATH = YES;
				ONLY_ACTIVE_ARCH = YES;
				SDKROOT = iphoneos;
				SWIFT_ACTIVE_COMPILATION_CONDITIONS = DEBUG;
				SWIFT_OPTIMIZATION_LEVEL = "-Onone";
			};
			name = Debug;
		};
		66E6E5DF2808112E00AC8C13 /* Release */ = {
			isa = XCBuildConfiguration;
			buildSettings = {
				ALWAYS_SEARCH_USER_PATHS = NO;
				CLANG_ANALYZER_NONNULL = YES;
				CLANG_ANALYZER_NUMBER_OBJECT_CONVERSION = YES_AGGRESSIVE;
				CLANG_CXX_LANGUAGE_STANDARD = "gnu++17";
				CLANG_ENABLE_MODULES = YES;
				CLANG_ENABLE_OBJC_ARC = YES;
				CLANG_ENABLE_OBJC_WEAK = YES;
				CLANG_WARN_BLOCK_CAPTURE_AUTORELEASING = YES;
				CLANG_WARN_BOOL_CONVERSION = YES;
				CLANG_WARN_COMMA = YES;
				CLANG_WARN_CONSTANT_CONVERSION = YES;
				CLANG_WARN_DEPRECATED_OBJC_IMPLEMENTATIONS = YES;
				CLANG_WARN_DIRECT_OBJC_ISA_USAGE = YES_ERROR;
				CLANG_WARN_DOCUMENTATION_COMMENTS = YES;
				CLANG_WARN_EMPTY_BODY = YES;
				CLANG_WARN_ENUM_CONVERSION = YES;
				CLANG_WARN_INFINITE_RECURSION = YES;
				CLANG_WARN_INT_CONVERSION = YES;
				CLANG_WARN_NON_LITERAL_NULL_CONVERSION = YES;
				CLANG_WARN_OBJC_IMPLICIT_RETAIN_SELF = YES;
				CLANG_WARN_OBJC_LITERAL_CONVERSION = YES;
				CLANG_WARN_OBJC_ROOT_CLASS = YES_ERROR;
				CLANG_WARN_QUOTED_INCLUDE_IN_FRAMEWORK_HEADER = YES;
				CLANG_WARN_RANGE_LOOP_ANALYSIS = YES;
				CLANG_WARN_STRICT_PROTOTYPES = YES;
				CLANG_WARN_SUSPICIOUS_MOVE = YES;
				CLANG_WARN_UNGUARDED_AVAILABILITY = YES_AGGRESSIVE;
				CLANG_WARN_UNREACHABLE_CODE = YES;
				CLANG_WARN__DUPLICATE_METHOD_MATCH = YES;
				COPY_PHASE_STRIP = NO;
				DEBUG_INFORMATION_FORMAT = "dwarf-with-dsym";
				ENABLE_NS_ASSERTIONS = NO;
				ENABLE_STRICT_OBJC_MSGSEND = YES;
				GCC_C_LANGUAGE_STANDARD = gnu11;
				GCC_NO_COMMON_BLOCKS = YES;
				GCC_WARN_64_TO_32_BIT_CONVERSION = YES;
				GCC_WARN_ABOUT_RETURN_TYPE = YES_ERROR;
				GCC_WARN_UNDECLARED_SELECTOR = YES;
				GCC_WARN_UNINITIALIZED_AUTOS = YES_AGGRESSIVE;
				GCC_WARN_UNUSED_FUNCTION = YES;
				GCC_WARN_UNUSED_VARIABLE = YES;
				IPHONEOS_DEPLOYMENT_TARGET = 13.0;
				MTL_ENABLE_DEBUG_INFO = NO;
				MTL_FAST_MATH = YES;
				SDKROOT = iphoneos;
				SWIFT_COMPILATION_MODE = wholemodule;
				SWIFT_OPTIMIZATION_LEVEL = "-O";
				VALIDATE_PRODUCT = YES;
			};
			name = Release;
		};
		66E6E5E12808112E00AC8C13 /* Debug */ = {
			isa = XCBuildConfiguration;
			baseConfigurationReference = 0E36238611C542174030CC7D /* Pods-Frameworks-My Footprint.debug.xcconfig */;
			buildSettings = {
				ASSETCATALOG_COMPILER_APPICON_NAME = AppIcon;
				ASSETCATALOG_COMPILER_GLOBAL_ACCENT_COLOR_NAME = AccentColor;
				CODE_SIGN_STYLE = Automatic;
				CURRENT_PROJECT_VERSION = 1;
				DEVELOPMENT_TEAM = 52H82A67C3;
				GENERATE_INFOPLIST_FILE = YES;
				INFOPLIST_FILE = "My Footprint/Info.plist";
				INFOPLIST_KEY_UIApplicationSupportsIndirectInputEvents = YES;
				INFOPLIST_KEY_UILaunchStoryboardName = LaunchScreen;
				INFOPLIST_KEY_UIMainStoryboardFile = Main;
				INFOPLIST_KEY_UISupportedInterfaceOrientations = UIInterfaceOrientationPortrait;
				INFOPLIST_KEY_UISupportedInterfaceOrientations_iPad = "UIInterfaceOrientationPortrait UIInterfaceOrientationPortraitUpsideDown UIInterfaceOrientationLandscapeLeft UIInterfaceOrientationLandscapeRight";
				INFOPLIST_KEY_UISupportedInterfaceOrientations_iPhone = "UIInterfaceOrientationPortrait UIInterfaceOrientationLandscapeLeft UIInterfaceOrientationLandscapeRight";
				IPHONEOS_DEPLOYMENT_TARGET = 13.0;
				LD_RUNPATH_SEARCH_PATHS = (
					"$(inherited)",
					"@executable_path/Frameworks",
				);
				MARKETING_VERSION = 1.0;
				PRODUCT_BUNDLE_IDENTIFIER = "Quentin.Beaudoul.My-Footprint";
				PRODUCT_NAME = "$(TARGET_NAME)";
				SWIFT_EMIT_LOC_STRINGS = YES;
				SWIFT_VERSION = 5.0;
				TARGETED_DEVICE_FAMILY = 1;
			};
			name = Debug;
		};
		66E6E5E22808112E00AC8C13 /* Release */ = {
			isa = XCBuildConfiguration;
			baseConfigurationReference = 3BE9FAB9CAA39E9749933998 /* Pods-Frameworks-My Footprint.release.xcconfig */;
			buildSettings = {
				ASSETCATALOG_COMPILER_APPICON_NAME = AppIcon;
				ASSETCATALOG_COMPILER_GLOBAL_ACCENT_COLOR_NAME = AccentColor;
				CODE_SIGN_STYLE = Automatic;
				CURRENT_PROJECT_VERSION = 1;
				DEVELOPMENT_TEAM = 52H82A67C3;
				GENERATE_INFOPLIST_FILE = YES;
				INFOPLIST_FILE = "My Footprint/Info.plist";
				INFOPLIST_KEY_UIApplicationSupportsIndirectInputEvents = YES;
				INFOPLIST_KEY_UILaunchStoryboardName = LaunchScreen;
				INFOPLIST_KEY_UIMainStoryboardFile = Main;
				INFOPLIST_KEY_UISupportedInterfaceOrientations = UIInterfaceOrientationPortrait;
				INFOPLIST_KEY_UISupportedInterfaceOrientations_iPad = "UIInterfaceOrientationPortrait UIInterfaceOrientationPortraitUpsideDown UIInterfaceOrientationLandscapeLeft UIInterfaceOrientationLandscapeRight";
				INFOPLIST_KEY_UISupportedInterfaceOrientations_iPhone = "UIInterfaceOrientationPortrait UIInterfaceOrientationLandscapeLeft UIInterfaceOrientationLandscapeRight";
				IPHONEOS_DEPLOYMENT_TARGET = 13.0;
				LD_RUNPATH_SEARCH_PATHS = (
					"$(inherited)",
					"@executable_path/Frameworks",
				);
				MARKETING_VERSION = 1.0;
				PRODUCT_BUNDLE_IDENTIFIER = "Quentin.Beaudoul.My-Footprint";
				PRODUCT_NAME = "$(TARGET_NAME)";
				SWIFT_EMIT_LOC_STRINGS = YES;
				SWIFT_VERSION = 5.0;
				TARGETED_DEVICE_FAMILY = 1;
			};
			name = Release;
		};
/* End XCBuildConfiguration section */

/* Begin XCConfigurationList section */
		66E6E5C42808112900AC8C13 /* Build configuration list for PBXProject "My Footprint" */ = {
			isa = XCConfigurationList;
			buildConfigurations = (
				66E6E5DE2808112E00AC8C13 /* Debug */,
				66E6E5DF2808112E00AC8C13 /* Release */,
			);
			defaultConfigurationIsVisible = 0;
			defaultConfigurationName = Release;
		};
		66E6E5E02808112E00AC8C13 /* Build configuration list for PBXNativeTarget "My Footprint" */ = {
			isa = XCConfigurationList;
			buildConfigurations = (
				66E6E5E12808112E00AC8C13 /* Debug */,
				66E6E5E22808112E00AC8C13 /* Release */,
			);
			defaultConfigurationIsVisible = 0;
			defaultConfigurationName = Release;
		};
/* End XCConfigurationList section */
	};
	rootObject = 66E6E5C12808112900AC8C13 /* Project object */;
}
