// !$*UTF8*$!
{
	archiveVersion = 1;
	classes = {
	};
	objectVersion = 55;
	objects = {

/* Begin PBXBuildFile section */
		6605CD6628114D3E00B226A5 /* Estimate.swift in Sources */ = {isa = PBXBuildFile; fileRef = 6605CD6528114D3E00B226A5 /* Estimate.swift */; };
		660D49E6281AC4CA00A795E6 /* AmountEntryViewController.swift in Sources */ = {isa = PBXBuildFile; fileRef = 660D49E5281AC4CA00A795E6 /* AmountEntryViewController.swift */; };
		660D49E8281AC99800A795E6 /* ProcessViewController.swift in Sources */ = {isa = PBXBuildFile; fileRef = 660D49E7281AC99800A795E6 /* ProcessViewController.swift */; };
		660D49EA281ACB8300A795E6 /* ResultViewController.swift in Sources */ = {isa = PBXBuildFile; fileRef = 660D49E9281ACB8300A795E6 /* ResultViewController.swift */; };
		6645E81028103565002387BB /* MFFuelCombustion.framework in Frameworks */ = {isa = PBXBuildFile; fileRef = 6645E80728103564002387BB /* MFFuelCombustion.framework */; };
		6645E81528103565002387BB /* MFFuelCombustionTests.swift in Sources */ = {isa = PBXBuildFile; fileRef = 6645E81428103565002387BB /* MFFuelCombustionTests.swift */; };
		6645E81628103565002387BB /* MFFuelCombustion.h in Headers */ = {isa = PBXBuildFile; fileRef = 6645E80A28103564002387BB /* MFFuelCombustion.h */; settings = {ATTRIBUTES = (Public, ); }; };
		6645E831281039C5002387BB /* FuelCombustionNavigationManager.swift in Sources */ = {isa = PBXBuildFile; fileRef = 6645E830281039C5002387BB /* FuelCombustionNavigationManager.swift */; };
		6645E83428103A50002387BB /* FuelCombustion.storyboard in Resources */ = {isa = PBXBuildFile; fileRef = 6645E83328103A50002387BB /* FuelCombustion.storyboard */; };
		6645E83628103B27002387BB /* FuelCombustionViewController.swift in Sources */ = {isa = PBXBuildFile; fileRef = 6645E83528103B27002387BB /* FuelCombustionViewController.swift */; };
		6645E83828103B47002387BB /* FuelCombustionViewModel.swift in Sources */ = {isa = PBXBuildFile; fileRef = 6645E83728103B47002387BB /* FuelCombustionViewModel.swift */; };
		66A29D702812B3240057A787 /* MFExtensions.framework in Frameworks */ = {isa = PBXBuildFile; fileRef = 66A29D6F2812B3240057A787 /* MFExtensions.framework */; };
		66A29D712812B3240057A787 /* MFExtensions.framework in Embed Frameworks */ = {isa = PBXBuildFile; fileRef = 66A29D6F2812B3240057A787 /* MFExtensions.framework */; settings = {ATTRIBUTES = (CodeSignOnCopy, RemoveHeadersOnCopy, ); }; };
		66ECF2142819433D00814686 /* EcoFuelAnimation.json in Resources */ = {isa = PBXBuildFile; fileRef = 66ECF2132819433D00814686 /* EcoFuelAnimation.json */; };
		66ECF2182819504600814686 /* R.generated.swift in Sources */ = {isa = PBXBuildFile; fileRef = 66ECF2172819504500814686 /* R.generated.swift */; };
		66ECF21A2819508700814686 /* Assets.xcassets in Resources */ = {isa = PBXBuildFile; fileRef = 66ECF2192819508700814686 /* Assets.xcassets */; };
		66F200EA281AA14E00422AE9 /* EntryParams.storyboard in Resources */ = {isa = PBXBuildFile; fileRef = 66F200E9281AA14E00422AE9 /* EntryParams.storyboard */; };
		66F200ED281AC1AA00422AE9 /* FuelSourceTypeViewController.swift in Sources */ = {isa = PBXBuildFile; fileRef = 66F200EC281AC1AA00422AE9 /* FuelSourceTypeViewController.swift */; };
		67CA5667B05B6E6B5EB8A58C /* Pods_Shared_MFFuelCombustion.framework in Frameworks */ = {isa = PBXBuildFile; fileRef = 6B9E696DA572B7FEEE96C9AD /* Pods_Shared_MFFuelCombustion.framework */; };
/* End PBXBuildFile section */

/* Begin PBXContainerItemProxy section */
		6645E81128103565002387BB /* PBXContainerItemProxy */ = {
			isa = PBXContainerItemProxy;
			containerPortal = 6645E7FE28103564002387BB /* Project object */;
			proxyType = 1;
			remoteGlobalIDString = 6645E80628103564002387BB;
			remoteInfo = MFFuelCombustion;
		};
/* End PBXContainerItemProxy section */

/* Begin PBXCopyFilesBuildPhase section */
		66A29D722812B3240057A787 /* Embed Frameworks */ = {
			isa = PBXCopyFilesBuildPhase;
			buildActionMask = 2147483647;
			dstPath = "";
			dstSubfolderSpec = 10;
			files = (
				66A29D712812B3240057A787 /* MFExtensions.framework in Embed Frameworks */,
			);
			name = "Embed Frameworks";
			runOnlyForDeploymentPostprocessing = 0;
		};
/* End PBXCopyFilesBuildPhase section */

/* Begin PBXFileReference section */
		2956170823DD8363171443D8 /* Pods-MFFuelCombustion.debug.xcconfig */ = {isa = PBXFileReference; includeInIndex = 1; lastKnownFileType = text.xcconfig; name = "Pods-MFFuelCombustion.debug.xcconfig"; path = "Target Support Files/Pods-MFFuelCombustion/Pods-MFFuelCombustion.debug.xcconfig"; sourceTree = "<group>"; };
		344206E70FA4B6BC83FA3AF9 /* Pods-Frameworks-MFFuelCombustion.debug.xcconfig */ = {isa = PBXFileReference; includeInIndex = 1; lastKnownFileType = text.xcconfig; name = "Pods-Frameworks-MFFuelCombustion.debug.xcconfig"; path = "Target Support Files/Pods-Frameworks-MFFuelCombustion/Pods-Frameworks-MFFuelCombustion.debug.xcconfig"; sourceTree = "<group>"; };
		6605CD6528114D3E00B226A5 /* Estimate.swift */ = {isa = PBXFileReference; lastKnownFileType = sourcecode.swift; path = Estimate.swift; sourceTree = "<group>"; };
		660D49E5281AC4CA00A795E6 /* AmountEntryViewController.swift */ = {isa = PBXFileReference; lastKnownFileType = sourcecode.swift; path = AmountEntryViewController.swift; sourceTree = "<group>"; };
		660D49E7281AC99800A795E6 /* ProcessViewController.swift */ = {isa = PBXFileReference; lastKnownFileType = sourcecode.swift; path = ProcessViewController.swift; sourceTree = "<group>"; };
		660D49E9281ACB8300A795E6 /* ResultViewController.swift */ = {isa = PBXFileReference; lastKnownFileType = sourcecode.swift; path = ResultViewController.swift; sourceTree = "<group>"; };
		6645E80728103564002387BB /* MFFuelCombustion.framework */ = {isa = PBXFileReference; explicitFileType = wrapper.framework; includeInIndex = 0; path = MFFuelCombustion.framework; sourceTree = BUILT_PRODUCTS_DIR; };
		6645E80A28103564002387BB /* MFFuelCombustion.h */ = {isa = PBXFileReference; lastKnownFileType = sourcecode.c.h; path = MFFuelCombustion.h; sourceTree = "<group>"; };
		6645E80F28103565002387BB /* MFFuelCombustionTests.xctest */ = {isa = PBXFileReference; explicitFileType = wrapper.cfbundle; includeInIndex = 0; path = MFFuelCombustionTests.xctest; sourceTree = BUILT_PRODUCTS_DIR; };
		6645E81428103565002387BB /* MFFuelCombustionTests.swift */ = {isa = PBXFileReference; lastKnownFileType = sourcecode.swift; path = MFFuelCombustionTests.swift; sourceTree = "<group>"; };
		6645E830281039C5002387BB /* FuelCombustionNavigationManager.swift */ = {isa = PBXFileReference; lastKnownFileType = sourcecode.swift; path = FuelCombustionNavigationManager.swift; sourceTree = "<group>"; };
		6645E83328103A50002387BB /* FuelCombustion.storyboard */ = {isa = PBXFileReference; lastKnownFileType = file.storyboard; path = FuelCombustion.storyboard; sourceTree = "<group>"; };
		6645E83528103B27002387BB /* FuelCombustionViewController.swift */ = {isa = PBXFileReference; lastKnownFileType = sourcecode.swift; path = FuelCombustionViewController.swift; sourceTree = "<group>"; };
		6645E83728103B47002387BB /* FuelCombustionViewModel.swift */ = {isa = PBXFileReference; lastKnownFileType = sourcecode.swift; path = FuelCombustionViewModel.swift; sourceTree = "<group>"; };
		66A29D6F2812B3240057A787 /* MFExtensions.framework */ = {isa = PBXFileReference; explicitFileType = wrapper.framework; path = MFExtensions.framework; sourceTree = BUILT_PRODUCTS_DIR; };
		66ECF2132819433D00814686 /* EcoFuelAnimation.json */ = {isa = PBXFileReference; fileEncoding = 4; lastKnownFileType = text.json; path = EcoFuelAnimation.json; sourceTree = "<group>"; };
		66ECF2172819504500814686 /* R.generated.swift */ = {isa = PBXFileReference; fileEncoding = 4; lastKnownFileType = sourcecode.swift; path = R.generated.swift; sourceTree = "<group>"; };
		66ECF2192819508700814686 /* Assets.xcassets */ = {isa = PBXFileReference; lastKnownFileType = folder.assetcatalog; path = Assets.xcassets; sourceTree = "<group>"; };
		66F200E9281AA14E00422AE9 /* EntryParams.storyboard */ = {isa = PBXFileReference; lastKnownFileType = file.storyboard; path = EntryParams.storyboard; sourceTree = "<group>"; };
		66F200EC281AC1AA00422AE9 /* FuelSourceTypeViewController.swift */ = {isa = PBXFileReference; lastKnownFileType = sourcecode.swift; path = FuelSourceTypeViewController.swift; sourceTree = "<group>"; };
		6AAA841A977ED1BAB24E7B37 /* Pods-Shared-MFFuelCombustion.release.xcconfig */ = {isa = PBXFileReference; includeInIndex = 1; lastKnownFileType = text.xcconfig; name = "Pods-Shared-MFFuelCombustion.release.xcconfig"; path = "Target Support Files/Pods-Shared-MFFuelCombustion/Pods-Shared-MFFuelCombustion.release.xcconfig"; sourceTree = "<group>"; };
		6B9E696DA572B7FEEE96C9AD /* Pods_Shared_MFFuelCombustion.framework */ = {isa = PBXFileReference; explicitFileType = wrapper.framework; includeInIndex = 0; path = Pods_Shared_MFFuelCombustion.framework; sourceTree = BUILT_PRODUCTS_DIR; };
		786DBC2B0E2AB1ABB830163C /* Pods-MFFuelCombustion.release.xcconfig */ = {isa = PBXFileReference; includeInIndex = 1; lastKnownFileType = text.xcconfig; name = "Pods-MFFuelCombustion.release.xcconfig"; path = "Target Support Files/Pods-MFFuelCombustion/Pods-MFFuelCombustion.release.xcconfig"; sourceTree = "<group>"; };
		C475E9E1606917E255394E82 /* Pods-Shared-MFFuelCombustion.debug.xcconfig */ = {isa = PBXFileReference; includeInIndex = 1; lastKnownFileType = text.xcconfig; name = "Pods-Shared-MFFuelCombustion.debug.xcconfig"; path = "Target Support Files/Pods-Shared-MFFuelCombustion/Pods-Shared-MFFuelCombustion.debug.xcconfig"; sourceTree = "<group>"; };
		CECFFFF8E9A355E8DECD4912 /* Pods-Frameworks-MFFuelCombustion.release.xcconfig */ = {isa = PBXFileReference; includeInIndex = 1; lastKnownFileType = text.xcconfig; name = "Pods-Frameworks-MFFuelCombustion.release.xcconfig"; path = "Target Support Files/Pods-Frameworks-MFFuelCombustion/Pods-Frameworks-MFFuelCombustion.release.xcconfig"; sourceTree = "<group>"; };
/* End PBXFileReference section */

/* Begin PBXFrameworksBuildPhase section */
		6645E80428103564002387BB /* Frameworks */ = {
			isa = PBXFrameworksBuildPhase;
			buildActionMask = 2147483647;
			files = (
				66A29D702812B3240057A787 /* MFExtensions.framework in Frameworks */,
				67CA5667B05B6E6B5EB8A58C /* Pods_Shared_MFFuelCombustion.framework in Frameworks */,
			);
			runOnlyForDeploymentPostprocessing = 0;
		};
		6645E80C28103565002387BB /* Frameworks */ = {
			isa = PBXFrameworksBuildPhase;
			buildActionMask = 2147483647;
			files = (
				6645E81028103565002387BB /* MFFuelCombustion.framework in Frameworks */,
			);
			runOnlyForDeploymentPostprocessing = 0;
		};
/* End PBXFrameworksBuildPhase section */

/* Begin PBXGroup section */
		35DEF9FA9F6CE823040D4730 /* Pods */ = {
			isa = PBXGroup;
			children = (
				344206E70FA4B6BC83FA3AF9 /* Pods-Frameworks-MFFuelCombustion.debug.xcconfig */,
				CECFFFF8E9A355E8DECD4912 /* Pods-Frameworks-MFFuelCombustion.release.xcconfig */,
				2956170823DD8363171443D8 /* Pods-MFFuelCombustion.debug.xcconfig */,
				786DBC2B0E2AB1ABB830163C /* Pods-MFFuelCombustion.release.xcconfig */,
				C475E9E1606917E255394E82 /* Pods-Shared-MFFuelCombustion.debug.xcconfig */,
				6AAA841A977ED1BAB24E7B37 /* Pods-Shared-MFFuelCombustion.release.xcconfig */,
			);
			name = Pods;
			path = ../../Pods;
			sourceTree = "<group>";
		};
		6605CD5E28113E4900B226A5 /* Response */ = {
			isa = PBXGroup;
			children = (
				6605CD6528114D3E00B226A5 /* Estimate.swift */,
			);
			name = Response;
			sourceTree = "<group>";
		};
		6645E7FD28103564002387BB = {
			isa = PBXGroup;
			children = (
				66A29D622812AA160057A787 /* Ressources */,
				6645E81F2810356D002387BB /* Classes */,
				6645E80928103564002387BB /* MFFuelCombustion */,
				6645E81328103565002387BB /* MFFuelCombustionTests */,
				6645E80828103564002387BB /* Products */,
				35DEF9FA9F6CE823040D4730 /* Pods */,
				D5315088DB34A6FBBF1C2383 /* Frameworks */,
			);
			sourceTree = "<group>";
		};
		6645E80828103564002387BB /* Products */ = {
			isa = PBXGroup;
			children = (
				6645E80728103564002387BB /* MFFuelCombustion.framework */,
				6645E80F28103565002387BB /* MFFuelCombustionTests.xctest */,
			);
			name = Products;
			sourceTree = "<group>";
		};
		6645E80928103564002387BB /* MFFuelCombustion */ = {
			isa = PBXGroup;
			children = (
				6645E80A28103564002387BB /* MFFuelCombustion.h */,
			);
			path = MFFuelCombustion;
			sourceTree = "<group>";
		};
		6645E81328103565002387BB /* MFFuelCombustionTests */ = {
			isa = PBXGroup;
			children = (
				6645E81428103565002387BB /* MFFuelCombustionTests.swift */,
			);
			path = MFFuelCombustionTests;
			sourceTree = "<group>";
		};
		6645E81F2810356D002387BB /* Classes */ = {
			isa = PBXGroup;
			children = (
				66ECF2152819441500814686 /* Ressources */,
				6645E84228105667002387BB /* Models */,
				6645E82E2810396B002387BB /* Managers */,
				6645E82F28103971002387BB /* Interfaces */,
			);
			name = Classes;
			sourceTree = "<group>";
		};
		6645E82E2810396B002387BB /* Managers */ = {
			isa = PBXGroup;
			children = (
				6645E830281039C5002387BB /* FuelCombustionNavigationManager.swift */,
			);
			name = Managers;
			sourceTree = "<group>";
		};
		6645E82F28103971002387BB /* Interfaces */ = {
			isa = PBXGroup;
			children = (
				66F200E8281AA09100422AE9 /* EntryParams */,
				6645E83228103A32002387BB /* Main */,
			);
			name = Interfaces;
			sourceTree = "<group>";
		};
		6645E83228103A32002387BB /* Main */ = {
			isa = PBXGroup;
			children = (
				6645E83328103A50002387BB /* FuelCombustion.storyboard */,
				6645E83528103B27002387BB /* FuelCombustionViewController.swift */,
				6645E83728103B47002387BB /* FuelCombustionViewModel.swift */,
			);
			name = Main;
			sourceTree = "<group>";
		};
		6645E84228105667002387BB /* Models */ = {
			isa = PBXGroup;
			children = (
				6605CD5E28113E4900B226A5 /* Response */,
			);
			name = Models;
			sourceTree = "<group>";
		};
		66A29D622812AA160057A787 /* Ressources */ = {
			isa = PBXGroup;
			children = (
				66ECF2132819433D00814686 /* EcoFuelAnimation.json */,
				66ECF2192819508700814686 /* Assets.xcassets */,
			);
			name = Ressources;
			sourceTree = "<group>";
		};
		66ECF2152819441500814686 /* Ressources */ = {
			isa = PBXGroup;
			children = (
				66ECF2172819504500814686 /* R.generated.swift */,
			);
			name = Ressources;
			sourceTree = "<group>";
		};
		66F200E8281AA09100422AE9 /* EntryParams */ = {
			isa = PBXGroup;
			children = (
				66F200EB281AC16700422AE9 /* ViewControllers */,
				66F200E9281AA14E00422AE9 /* EntryParams.storyboard */,
			);
			name = EntryParams;
			sourceTree = "<group>";
		};
		66F200EB281AC16700422AE9 /* ViewControllers */ = {
			isa = PBXGroup;
			children = (
				66F200EC281AC1AA00422AE9 /* FuelSourceTypeViewController.swift */,
				660D49E5281AC4CA00A795E6 /* AmountEntryViewController.swift */,
				660D49E7281AC99800A795E6 /* ProcessViewController.swift */,
				660D49E9281ACB8300A795E6 /* ResultViewController.swift */,
			);
			name = ViewControllers;
			sourceTree = "<group>";
		};
		D5315088DB34A6FBBF1C2383 /* Frameworks */ = {
			isa = PBXGroup;
			children = (
				66A29D6F2812B3240057A787 /* MFExtensions.framework */,
				6B9E696DA572B7FEEE96C9AD /* Pods_Shared_MFFuelCombustion.framework */,
			);
			name = Frameworks;
			sourceTree = "<group>";
		};
/* End PBXGroup section */

/* Begin PBXHeadersBuildPhase section */
		6645E80228103564002387BB /* Headers */ = {
			isa = PBXHeadersBuildPhase;
			buildActionMask = 2147483647;
			files = (
				6645E81628103565002387BB /* MFFuelCombustion.h in Headers */,
			);
			runOnlyForDeploymentPostprocessing = 0;
		};
/* End PBXHeadersBuildPhase section */

/* Begin PBXNativeTarget section */
		6645E80628103564002387BB /* MFFuelCombustion */ = {
			isa = PBXNativeTarget;
			buildConfigurationList = 6645E81928103565002387BB /* Build configuration list for PBXNativeTarget "MFFuelCombustion" */;
			buildPhases = (
				C620967DD73550C03155E446 /* [CP] Check Pods Manifest.lock */,
				6645E80228103564002387BB /* Headers */,
				66ECF2162819444A00814686 /* R.Swift */,
				6645E80328103564002387BB /* Sources */,
				6645E80428103564002387BB /* Frameworks */,
				6645E80528103564002387BB /* Resources */,
				6645E82D2810389E002387BB /* SwiftLint */,
				66A29D722812B3240057A787 /* Embed Frameworks */,
			);
			buildRules = (
			);
			dependencies = (
			);
			name = MFFuelCombustion;
			productName = MFFuelCombustion;
			productReference = 6645E80728103564002387BB /* MFFuelCombustion.framework */;
			productType = "com.apple.product-type.framework";
		};
		6645E80E28103565002387BB /* MFFuelCombustionTests */ = {
			isa = PBXNativeTarget;
			buildConfigurationList = 6645E81C28103565002387BB /* Build configuration list for PBXNativeTarget "MFFuelCombustionTests" */;
			buildPhases = (
				6645E80B28103565002387BB /* Sources */,
				6645E80C28103565002387BB /* Frameworks */,
				6645E80D28103565002387BB /* Resources */,
			);
			buildRules = (
			);
			dependencies = (
				6645E81228103565002387BB /* PBXTargetDependency */,
			);
			name = MFFuelCombustionTests;
			productName = MFFuelCombustionTests;
			productReference = 6645E80F28103565002387BB /* MFFuelCombustionTests.xctest */;
			productType = "com.apple.product-type.bundle.unit-test";
		};
/* End PBXNativeTarget section */

/* Begin PBXProject section */
		6645E7FE28103564002387BB /* Project object */ = {
			isa = PBXProject;
			attributes = {
				BuildIndependentTargetsInParallel = 1;
				LastSwiftUpdateCheck = 1330;
				LastUpgradeCheck = 1330;
				TargetAttributes = {
					6645E80628103564002387BB = {
						CreatedOnToolsVersion = 13.3.1;
						LastSwiftMigration = 1330;
					};
					6645E80E28103565002387BB = {
						CreatedOnToolsVersion = 13.3.1;
					};
				};
			};
			buildConfigurationList = 6645E80128103564002387BB /* Build configuration list for PBXProject "MFFuelCombustion" */;
			compatibilityVersion = "Xcode 13.0";
			developmentRegion = en;
			hasScannedForEncodings = 0;
			knownRegions = (
				en,
				Base,
			);
			mainGroup = 6645E7FD28103564002387BB;
			productRefGroup = 6645E80828103564002387BB /* Products */;
			projectDirPath = "";
			projectRoot = "";
			targets = (
				6645E80628103564002387BB /* MFFuelCombustion */,
				6645E80E28103565002387BB /* MFFuelCombustionTests */,
			);
		};
/* End PBXProject section */

/* Begin PBXResourcesBuildPhase section */
		6645E80528103564002387BB /* Resources */ = {
			isa = PBXResourcesBuildPhase;
			buildActionMask = 2147483647;
			files = (
				66ECF2142819433D00814686 /* EcoFuelAnimation.json in Resources */,
				66ECF21A2819508700814686 /* Assets.xcassets in Resources */,
				6645E83428103A50002387BB /* FuelCombustion.storyboard in Resources */,
				66F200EA281AA14E00422AE9 /* EntryParams.storyboard in Resources */,
			);
			runOnlyForDeploymentPostprocessing = 0;
		};
		6645E80D28103565002387BB /* Resources */ = {
			isa = PBXResourcesBuildPhase;
			buildActionMask = 2147483647;
			files = (
			);
			runOnlyForDeploymentPostprocessing = 0;
		};
/* End PBXResourcesBuildPhase section */

/* Begin PBXShellScriptBuildPhase section */
		6645E82D2810389E002387BB /* SwiftLint */ = {
			isa = PBXShellScriptBuildPhase;
			buildActionMask = 2147483647;
			files = (
			);
			inputFileListPaths = (
			);
			inputPaths = (
			);
			name = SwiftLint;
			outputFileListPaths = (
			);
			outputPaths = (
			);
			runOnlyForDeploymentPostprocessing = 0;
			shellPath = /bin/sh;
			shellScript = "# Type a script or drag a script file from your workspace to insert its path.\n${PODS_ROOT}/SwiftLint/swiftlint\n";
		};
		66ECF2162819444A00814686 /* R.Swift */ = {
			isa = PBXShellScriptBuildPhase;
			alwaysOutOfDate = 1;
			buildActionMask = 2147483647;
			files = (
			);
			inputFileListPaths = (
			);
			inputPaths = (
			);
			name = R.Swift;
			outputFileListPaths = (
			);
			outputPaths = (
				$SRCROOT/R.generated.swift,
			);
			runOnlyForDeploymentPostprocessing = 0;
			shellPath = /bin/sh;
			shellScript = "# Type a script or drag a script file from your workspace to insert its path.\n\"$PODS_ROOT/R.swift/rswift\" generate \"$SRCROOT/R.generated.swift\"\n";
		};
		C620967DD73550C03155E446 /* [CP] Check Pods Manifest.lock */ = {
			isa = PBXShellScriptBuildPhase;
			buildActionMask = 2147483647;
			files = (
			);
			inputFileListPaths = (
			);
			inputPaths = (
				"${PODS_PODFILE_DIR_PATH}/Podfile.lock",
				"${PODS_ROOT}/Manifest.lock",
			);
			name = "[CP] Check Pods Manifest.lock";
			outputFileListPaths = (
			);
			outputPaths = (
				"$(DERIVED_FILE_DIR)/Pods-Shared-MFFuelCombustion-checkManifestLockResult.txt",
			);
			runOnlyForDeploymentPostprocessing = 0;
			shellPath = /bin/sh;
			shellScript = "diff \"${PODS_PODFILE_DIR_PATH}/Podfile.lock\" \"${PODS_ROOT}/Manifest.lock\" > /dev/null\nif [ $? != 0 ] ; then\n    # print error to STDERR\n    echo \"error: The sandbox is not in sync with the Podfile.lock. Run 'pod install' or update your CocoaPods installation.\" >&2\n    exit 1\nfi\n# This output is used by Xcode 'outputs' to avoid re-running this script phase.\necho \"SUCCESS\" > \"${SCRIPT_OUTPUT_FILE_0}\"\n";
			showEnvVarsInLog = 0;
		};
/* End PBXShellScriptBuildPhase section */

/* Begin PBXSourcesBuildPhase section */
		6645E80328103564002387BB /* Sources */ = {
			isa = PBXSourcesBuildPhase;
			buildActionMask = 2147483647;
			files = (
				6645E831281039C5002387BB /* FuelCombustionNavigationManager.swift in Sources */,
				6605CD6628114D3E00B226A5 /* Estimate.swift in Sources */,
				66ECF2182819504600814686 /* R.generated.swift in Sources */,
				6645E83628103B27002387BB /* FuelCombustionViewController.swift in Sources */,
				660D49E8281AC99800A795E6 /* ProcessViewController.swift in Sources */,
				660D49E6281AC4CA00A795E6 /* AmountEntryViewController.swift in Sources */,
				6645E83828103B47002387BB /* FuelCombustionViewModel.swift in Sources */,
				66F200ED281AC1AA00422AE9 /* FuelSourceTypeViewController.swift in Sources */,
				660D49EA281ACB8300A795E6 /* ResultViewController.swift in Sources */,
			);
			runOnlyForDeploymentPostprocessing = 0;
		};
		6645E80B28103565002387BB /* Sources */ = {
			isa = PBXSourcesBuildPhase;
			buildActionMask = 2147483647;
			files = (
				6645E81528103565002387BB /* MFFuelCombustionTests.swift in Sources */,
			);
			runOnlyForDeploymentPostprocessing = 0;
		};
/* End PBXSourcesBuildPhase section */

/* Begin PBXTargetDependency section */
		6645E81228103565002387BB /* PBXTargetDependency */ = {
			isa = PBXTargetDependency;
			target = 6645E80628103564002387BB /* MFFuelCombustion */;
			targetProxy = 6645E81128103565002387BB /* PBXContainerItemProxy */;
		};
/* End PBXTargetDependency section */

/* Begin XCBuildConfiguration section */
		6645E81728103565002387BB /* Debug */ = {
			isa = XCBuildConfiguration;
			buildSettings = {
				ALWAYS_SEARCH_USER_PATHS = NO;
				CLANG_ANALYZER_NONNULL = YES;
				CLANG_ANALYZER_NUMBER_OBJECT_CONVERSION = YES_AGGRESSIVE;
				CLANG_CXX_LANGUAGE_STANDARD = "gnu++17";
				CLANG_ENABLE_MODULES = YES;
				CLANG_ENABLE_OBJC_ARC = YES;
				CLANG_ENABLE_OBJC_WEAK = YES;
				CLANG_WARN_BLOCK_CAPTURE_AUTORELEASING = YES;
				CLANG_WARN_BOOL_CONVERSION = YES;
				CLANG_WARN_COMMA = YES;
				CLANG_WARN_CONSTANT_CONVERSION = YES;
				CLANG_WARN_DEPRECATED_OBJC_IMPLEMENTATIONS = YES;
				CLANG_WARN_DIRECT_OBJC_ISA_USAGE = YES_ERROR;
				CLANG_WARN_DOCUMENTATION_COMMENTS = YES;
				CLANG_WARN_EMPTY_BODY = YES;
				CLANG_WARN_ENUM_CONVERSION = YES;
				CLANG_WARN_INFINITE_RECURSION = YES;
				CLANG_WARN_INT_CONVERSION = YES;
				CLANG_WARN_NON_LITERAL_NULL_CONVERSION = YES;
				CLANG_WARN_OBJC_IMPLICIT_RETAIN_SELF = YES;
				CLANG_WARN_OBJC_LITERAL_CONVERSION = YES;
				CLANG_WARN_OBJC_ROOT_CLASS = YES_ERROR;
				CLANG_WARN_QUOTED_INCLUDE_IN_FRAMEWORK_HEADER = YES;
				CLANG_WARN_RANGE_LOOP_ANALYSIS = YES;
				CLANG_WARN_STRICT_PROTOTYPES = YES;
				CLANG_WARN_SUSPICIOUS_MOVE = YES;
				CLANG_WARN_UNGUARDED_AVAILABILITY = YES_AGGRESSIVE;
				CLANG_WARN_UNREACHABLE_CODE = YES;
				CLANG_WARN__DUPLICATE_METHOD_MATCH = YES;
				COPY_PHASE_STRIP = NO;
				CURRENT_PROJECT_VERSION = 1;
				DEBUG_INFORMATION_FORMAT = dwarf;
				ENABLE_STRICT_OBJC_MSGSEND = YES;
				ENABLE_TESTABILITY = YES;
				GCC_C_LANGUAGE_STANDARD = gnu11;
				GCC_DYNAMIC_NO_PIC = NO;
				GCC_NO_COMMON_BLOCKS = YES;
				GCC_OPTIMIZATION_LEVEL = 0;
				GCC_PREPROCESSOR_DEFINITIONS = (
					"DEBUG=1",
					"$(inherited)",
				);
				GCC_WARN_64_TO_32_BIT_CONVERSION = YES;
				GCC_WARN_ABOUT_RETURN_TYPE = YES_ERROR;
				GCC_WARN_UNDECLARED_SELECTOR = YES;
				GCC_WARN_UNINITIALIZED_AUTOS = YES_AGGRESSIVE;
				GCC_WARN_UNUSED_FUNCTION = YES;
				GCC_WARN_UNUSED_VARIABLE = YES;
				IPHONEOS_DEPLOYMENT_TARGET = 13.0;
				MTL_ENABLE_DEBUG_INFO = INCLUDE_SOURCE;
				MTL_FAST_MATH = YES;
				ONLY_ACTIVE_ARCH = YES;
				SDKROOT = iphoneos;
				SWIFT_ACTIVE_COMPILATION_CONDITIONS = DEBUG;
				SWIFT_OPTIMIZATION_LEVEL = "-Onone";
				VERSIONING_SYSTEM = "apple-generic";
				VERSION_INFO_PREFIX = "";
			};
			name = Debug;
		};
		6645E81828103565002387BB /* Release */ = {
			isa = XCBuildConfiguration;
			buildSettings = {
				ALWAYS_SEARCH_USER_PATHS = NO;
				CLANG_ANALYZER_NONNULL = YES;
				CLANG_ANALYZER_NUMBER_OBJECT_CONVERSION = YES_AGGRESSIVE;
				CLANG_CXX_LANGUAGE_STANDARD = "gnu++17";
				CLANG_ENABLE_MODULES = YES;
				CLANG_ENABLE_OBJC_ARC = YES;
				CLANG_ENABLE_OBJC_WEAK = YES;
				CLANG_WARN_BLOCK_CAPTURE_AUTORELEASING = YES;
				CLANG_WARN_BOOL_CONVERSION = YES;
				CLANG_WARN_COMMA = YES;
				CLANG_WARN_CONSTANT_CONVERSION = YES;
				CLANG_WARN_DEPRECATED_OBJC_IMPLEMENTATIONS = YES;
				CLANG_WARN_DIRECT_OBJC_ISA_USAGE = YES_ERROR;
				CLANG_WARN_DOCUMENTATION_COMMENTS = YES;
				CLANG_WARN_EMPTY_BODY = YES;
				CLANG_WARN_ENUM_CONVERSION = YES;
				CLANG_WARN_INFINITE_RECURSION = YES;
				CLANG_WARN_INT_CONVERSION = YES;
				CLANG_WARN_NON_LITERAL_NULL_CONVERSION = YES;
				CLANG_WARN_OBJC_IMPLICIT_RETAIN_SELF = YES;
				CLANG_WARN_OBJC_LITERAL_CONVERSION = YES;
				CLANG_WARN_OBJC_ROOT_CLASS = YES_ERROR;
				CLANG_WARN_QUOTED_INCLUDE_IN_FRAMEWORK_HEADER = YES;
				CLANG_WARN_RANGE_LOOP_ANALYSIS = YES;
				CLANG_WARN_STRICT_PROTOTYPES = YES;
				CLANG_WARN_SUSPICIOUS_MOVE = YES;
				CLANG_WARN_UNGUARDED_AVAILABILITY = YES_AGGRESSIVE;
				CLANG_WARN_UNREACHABLE_CODE = YES;
				CLANG_WARN__DUPLICATE_METHOD_MATCH = YES;
				COPY_PHASE_STRIP = NO;
				CURRENT_PROJECT_VERSION = 1;
				DEBUG_INFORMATION_FORMAT = "dwarf-with-dsym";
				ENABLE_NS_ASSERTIONS = NO;
				ENABLE_STRICT_OBJC_MSGSEND = YES;
				GCC_C_LANGUAGE_STANDARD = gnu11;
				GCC_NO_COMMON_BLOCKS = YES;
				GCC_WARN_64_TO_32_BIT_CONVERSION = YES;
				GCC_WARN_ABOUT_RETURN_TYPE = YES_ERROR;
				GCC_WARN_UNDECLARED_SELECTOR = YES;
				GCC_WARN_UNINITIALIZED_AUTOS = YES_AGGRESSIVE;
				GCC_WARN_UNUSED_FUNCTION = YES;
				GCC_WARN_UNUSED_VARIABLE = YES;
				IPHONEOS_DEPLOYMENT_TARGET = 13.0;
				MTL_ENABLE_DEBUG_INFO = NO;
				MTL_FAST_MATH = YES;
				SDKROOT = iphoneos;
				SWIFT_COMPILATION_MODE = wholemodule;
				SWIFT_OPTIMIZATION_LEVEL = "-O";
				VALIDATE_PRODUCT = YES;
				VERSIONING_SYSTEM = "apple-generic";
				VERSION_INFO_PREFIX = "";
			};
			name = Release;
		};
		6645E81A28103565002387BB /* Debug */ = {
			isa = XCBuildConfiguration;
			baseConfigurationReference = C475E9E1606917E255394E82 /* Pods-Shared-MFFuelCombustion.debug.xcconfig */;
			buildSettings = {
				CLANG_ENABLE_MODULES = YES;
				CODE_SIGN_STYLE = Automatic;
				CURRENT_PROJECT_VERSION = 1;
				DEFINES_MODULE = YES;
				DEVELOPMENT_TEAM = 52H82A67C3;
				DYLIB_COMPATIBILITY_VERSION = 1;
				DYLIB_CURRENT_VERSION = 1;
				DYLIB_INSTALL_NAME_BASE = "@rpath";
				GENERATE_INFOPLIST_FILE = YES;
				INFOPLIST_KEY_NSHumanReadableCopyright = "";
				INSTALL_PATH = "$(LOCAL_LIBRARY_DIR)/Frameworks";
				IPHONEOS_DEPLOYMENT_TARGET = 13.0;
				LD_RUNPATH_SEARCH_PATHS = (
					"$(inherited)",
					"@executable_path/Frameworks",
					"@loader_path/Frameworks",
				);
				MARKETING_VERSION = 1.0;
				PRODUCT_BUNDLE_IDENTIFIER = Quentin.Beaudoul.MFFuelCombustion;
				PRODUCT_NAME = "$(TARGET_NAME:c99extidentifier)";
				SKIP_INSTALL = YES;
				SUPPORTS_MACCATALYST = NO;
				SWIFT_EMIT_LOC_STRINGS = YES;
				SWIFT_OPTIMIZATION_LEVEL = "-Onone";
				SWIFT_VERSION = 5.0;
				TARGETED_DEVICE_FAMILY = 1;
			};
			name = Debug;
		};
		6645E81B28103565002387BB /* Release */ = {
			isa = XCBuildConfiguration;
			baseConfigurationReference = 6AAA841A977ED1BAB24E7B37 /* Pods-Shared-MFFuelCombustion.release.xcconfig */;
			buildSettings = {
				CLANG_ENABLE_MODULES = YES;
				CODE_SIGN_STYLE = Automatic;
				CURRENT_PROJECT_VERSION = 1;
				DEFINES_MODULE = YES;
				DEVELOPMENT_TEAM = 52H82A67C3;
				DYLIB_COMPATIBILITY_VERSION = 1;
				DYLIB_CURRENT_VERSION = 1;
				DYLIB_INSTALL_NAME_BASE = "@rpath";
				GENERATE_INFOPLIST_FILE = YES;
				INFOPLIST_KEY_NSHumanReadableCopyright = "";
				INSTALL_PATH = "$(LOCAL_LIBRARY_DIR)/Frameworks";
				IPHONEOS_DEPLOYMENT_TARGET = 13.0;
				LD_RUNPATH_SEARCH_PATHS = (
					"$(inherited)",
					"@executable_path/Frameworks",
					"@loader_path/Frameworks",
				);
				MARKETING_VERSION = 1.0;
				PRODUCT_BUNDLE_IDENTIFIER = Quentin.Beaudoul.MFFuelCombustion;
				PRODUCT_NAME = "$(TARGET_NAME:c99extidentifier)";
				SKIP_INSTALL = YES;
				SUPPORTS_MACCATALYST = NO;
				SWIFT_EMIT_LOC_STRINGS = YES;
				SWIFT_VERSION = 5.0;
				TARGETED_DEVICE_FAMILY = 1;
			};
			name = Release;
		};
		6645E81D28103565002387BB /* Debug */ = {
			isa = XCBuildConfiguration;
			buildSettings = {
				ALWAYS_EMBED_SWIFT_STANDARD_LIBRARIES = YES;
				CODE_SIGN_STYLE = Automatic;
				CURRENT_PROJECT_VERSION = 1;
				DEVELOPMENT_TEAM = 52H82A67C3;
				GENERATE_INFOPLIST_FILE = YES;
				MARKETING_VERSION = 1.0;
				PRODUCT_BUNDLE_IDENTIFIER = Quentin.Beaudoul.MFFuelCombustionTests;
				PRODUCT_NAME = "$(TARGET_NAME)";
				SWIFT_EMIT_LOC_STRINGS = NO;
				SWIFT_VERSION = 5.0;
				TARGETED_DEVICE_FAMILY = "1,2";
			};
			name = Debug;
		};
		6645E81E28103565002387BB /* Release */ = {
			isa = XCBuildConfiguration;
			buildSettings = {
				ALWAYS_EMBED_SWIFT_STANDARD_LIBRARIES = YES;
				CODE_SIGN_STYLE = Automatic;
				CURRENT_PROJECT_VERSION = 1;
				DEVELOPMENT_TEAM = 52H82A67C3;
				GENERATE_INFOPLIST_FILE = YES;
				MARKETING_VERSION = 1.0;
				PRODUCT_BUNDLE_IDENTIFIER = Quentin.Beaudoul.MFFuelCombustionTests;
				PRODUCT_NAME = "$(TARGET_NAME)";
				SWIFT_EMIT_LOC_STRINGS = NO;
				SWIFT_VERSION = 5.0;
				TARGETED_DEVICE_FAMILY = "1,2";
			};
			name = Release;
		};
/* End XCBuildConfiguration section */

/* Begin XCConfigurationList section */
		6645E80128103564002387BB /* Build configuration list for PBXProject "MFFuelCombustion" */ = {
			isa = XCConfigurationList;
			buildConfigurations = (
				6645E81728103565002387BB /* Debug */,
				6645E81828103565002387BB /* Release */,
			);
			defaultConfigurationIsVisible = 0;
			defaultConfigurationName = Release;
		};
		6645E81928103565002387BB /* Build configuration list for PBXNativeTarget "MFFuelCombustion" */ = {
			isa = XCConfigurationList;
			buildConfigurations = (
				6645E81A28103565002387BB /* Debug */,
				6645E81B28103565002387BB /* Release */,
			);
			defaultConfigurationIsVisible = 0;
			defaultConfigurationName = Release;
		};
		6645E81C28103565002387BB /* Build configuration list for PBXNativeTarget "MFFuelCombustionTests" */ = {
			isa = XCConfigurationList;
			buildConfigurations = (
				6645E81D28103565002387BB /* Debug */,
				6645E81E28103565002387BB /* Release */,
			);
			defaultConfigurationIsVisible = 0;
			defaultConfigurationName = Release;
		};
/* End XCConfigurationList section */
	};
	rootObject = 6645E7FE28103564002387BB /* Project object */;
}
